Microsoft Visual Studio Solution File, Format Version 12.00
Project("{9A19103F-16F7-4668-BE54-9A1E7A4F7556}") = "JustInTimeVersioningSdk", "JustInTimeVersioningSdk.csproj", "{3BC788BD-7E4F-460E-8413-342FDC157D9B}"
EndProject
Project("{2150E333-8FDC-42A3-9474-1A3956D46DE8}") = "src", "src", "{7A3519C0-9B62-4809-98BB-873FAF80F4A5}"
EndProject
Global
	GlobalSection(SolutionConfigurationPlatforms) = preSolution
		Testing|Any CPU = Testing|Any CPU
		Local|Any CPU = Local|Any CPU
		Debug|Any CPU = Debug|Any CPU
		Staging|Any CPU = Staging|Any CPU
		Release|Any CPU = Release|Any CPU
	EndGlobalSection
	GlobalSection(ProjectConfigurationPlatforms) = postSolution
		{3BC788BD-7E4F-460E-8413-342FDC157D9B}.Testing|Any CPU.ActiveCfg = Testing|Any CPU
		{3BC788BD-7E4F-460E-8413-342FDC157D9B}.Testing|Any CPU.Build.0 = Testing|Any CPU
		{3BC788BD-7E4F-460E-8413-342FDC157D9B}.Local|Any CPU.ActiveCfg = Local|Any CPU
		{3BC788BD-7E4F-460E-8413-342FDC157D9B}.Local|Any CPU.Build.0 = Local|Any CPU
		{3BC788BD-7E4F-460E-8413-342FDC157D9B}.Debug|Any CPU.ActiveCfg = Debug|Any CPU
		{3BC788BD-7E4F-460E-8413-342FDC157D9B}.Debug|Any CPU.Build.0 = Debug|Any CPU
		{3BC788BD-7E4F-460E-8413-342FDC157D9B}.Staging|Any CPU.ActiveCfg = Staging|Any CPU
		{3BC788BD-7E4F-460E-8413-342FDC157D9B}.Staging|Any CPU.Build.0 = Staging|Any CPU
		{3BC788BD-7E4F-460E-8413-342FDC157D9B}.Release|Any CPU.ActiveCfg = Release|Any CPU
		{3BC788BD-7E4F-460E-8413-342FDC157D9B}.Release|Any CPU.Build.0 = Release|Any CPU
	EndGlobalSection
	GlobalSection(SolutionProperties) = preSolution
		HideSolutionNode = FALSE
	EndGlobalSection
	GlobalSection(NestedProjects) = preSolution
		{3BC788BD-7E4F-460E-8413-342FDC157D9B} = {7A3519C0-9B62-4809-98BB-873FAF80F4A5}
	EndGlobalSection
	GlobalSection(ExtensibilityGlobals) = postSolution
		SolutionGuid = {FEB4CA71-A9F1-422B-9F6E-88F7CC3B0DAB}
	EndGlobalSection
EndGlobal
