Microsoft Visual Studio Solution File, Format Version 12.00
Project("{9A19103F-16F7-4668-BE54-9A1E7A4F7556}") = "justinwritescode", "justinwritescode.csproj", "{341E1431-1435-4233-A201-A3B1E124A77F}"
EndProject
Project("{76EAAFAD-9FDA-4299-B582-8E3C4CED5A18}") = "RestoreCommonFiles", "RestoreCommonFiles.restoreproj", "{786B71FB-8F23-42E7-9058-555969F245E6}"
EndProject
Project("{9A19103F-16F7-4668-BE54-9A1E7A4F7556}") = "JustinWritesCode.CodeGeneration.Constants", "src\CodeGeneration\src\Constants\JustinWritesCode.CodeGeneration.Constants.csproj", "{4FD2B39F-015C-46F3-8694-45CE59122ABE}"
EndProject
Project("{76EAAFAD-9FDA-4299-B582-8E3C4CED5A18}") = "RestoreCommonFiles", "src\dotnet-search\RestoreCommonFiles.restoreproj", "{6D3C4CFC-8220-4DF3-95BA-5AD188334CA6}"
EndProject
Project("{9A19103F-16F7-4668-BE54-9A1E7A4F7556}") = "dotnet-search", "src\dotnet-search\src\dotnet-search\dotnet-search.csproj", "{516BC1BE-0A40-408D-A7CD-ABA9AE37E9BC}"
EndProject
Project("{9A19103F-16F7-4668-BE54-9A1E7A4F7556}") = "dotnet-search-test", "src\dotnet-search\test\dotnet-search-test\dotnet-search-test.csproj", "{8E0D5520-221C-468E-8F6E-21CE4F8ACB5A}"
EndProject
Project("{34EAC930-E0CA-420B-BD8C-86042DD9E676}") = "EntityFrameworkCore", "src\EntityFrameworkCore\EntityFrameworkCore.slnproj", "{1224739A-4F29-4BE2-B736-A9EA290BB5DE}"
EndProject
Project("{76EAAFAD-9FDA-4299-B582-8E3C4CED5A18}") = "RestoreSharedFiles", "src\EntityFrameworkCore\RestoreSharedFiles.restoreproj", "{5A0D8897-70AB-44DF-A458-D53CCF494492}"
EndProject
Project("{9A19103F-16F7-4668-BE54-9A1E7A4F7556}") = "Abstractions", "src\EntityFrameworkCore\src\Abstractions\Abstractions.csproj", "{75C64B5C-C5D6-4E1B-878A-966308DC9A72}"
EndProject
Project("{9A19103F-16F7-4668-BE54-9A1E7A4F7556}") = "Constants", "src\EntityFrameworkCore\src\Constants\Constants.csproj", "{56B8585E-07A8-48AA-8685-5422AB2E379C}"
EndProject
Project("{9A19103F-16F7-4668-BE54-9A1E7A4F7556}") = "Extensions", "src\EntityFrameworkCore\src\Extensions\Extensions.csproj", "{369565A7-379A-4BA7-9E40-5E42D60186B0}"
EndProject
Project("{9A19103F-16F7-4668-BE54-9A1E7A4F7556}") = "Include", "src\MSBuild.Sdks\Include.includeproj", "{E6DE9FB1-337B-4ABB-8B66-274E2F107001}"
EndProject
Project("{76EAAFAD-9FDA-4299-B582-8E3C4CED5A18}") = "RestoreCommonFiles", "src\MSBuild.Sdks\RestoreCommonFiles.restoreproj", "{AC62BF7F-CBF6-4B25-B6EE-2484E2012177}"
EndProject
Project("{DCDA4A0A-0A5E-4522-B6C4-80513D0753CD}") = "AnyOf", "src\MSBuild.Sdks\src\JustinWritesCode.Usings\AnyOf.usings", "{B73E5EB9-1601-4813-995B-84981572F86B}"
EndProject
Project("{DCDA4A0A-0A5E-4522-B6C4-80513D0753CD}") = "AzureFunctions", "src\MSBuild.Sdks\src\JustinWritesCode.Usings\AzureFunctions.usings", "{F73413C4-A250-49AB-B6A5-C86CBB01B7EE}"
EndProject
Project("{34EAC930-E0CA-420B-BD8C-86042DD9E676}") = "JustinWritesCode.Usings", "src\MSBuild.Sdks\src\JustinWritesCode.Usings\JustinWritesCode.Usings.slnproj", "{D3736C50-12ED-4A84-B69A-2D5995243200}"
EndProject
Project("{DCDA4A0A-0A5E-4522-B6C4-80513D0753CD}") = "Microsoft.EntityFrameworkCore", "src\MSBuild.Sdks\src\JustinWritesCode.Usings\Microsoft.EntityFrameworkCore.usings", "{90848E36-A0E5-4EFD-9089-ECF12EFF0639}"
EndProject
Project("{FF286327-C783-4F7A-AB73-9BCBAD0D4460}") = "Microsoft.Extensions.Configuration.All.Usings", "src\MSBuild.Sdks\src\JustinWritesCode.Usings\Microsoft.Extensions.Configuration.All.Usings.nuproj", "{5700B997-8EA5-42ED-ACB0-999A32844CCA}"
EndProject
Project("{DCDA4A0A-0A5E-4522-B6C4-80513D0753CD}") = "System.All", "src\MSBuild.Sdks\src\JustinWritesCode.Usings\System.All.usings", "{46AD76CB-D41D-4203-A8DD-A0DF0E35DC10}"
EndProject
Project("{DCDA4A0A-0A5E-4522-B6C4-80513D0753CD}") = "System.Collections.Generic", "src\MSBuild.Sdks\src\JustinWritesCode.Usings\System.Collections.Generic.usings", "{58193697-D29D-4489-BB2A-8D59E64E9C6E}"
EndProject
Project("{DCDA4A0A-0A5E-4522-B6C4-80513D0753CD}") = "System.Collections.ObjectModel", "src\MSBuild.Sdks\src\JustinWritesCode.Usings\System.Collections.ObjectModel.usings", "{27F2064F-2943-484E-8620-BCF3E012C7E5}"
EndProject
Project("{DCDA4A0A-0A5E-4522-B6C4-80513D0753CD}") = "System.Collections", "src\MSBuild.Sdks\src\JustinWritesCode.Usings\System.Collections.usings", "{1937A387-3C5F-400B-96A2-C1A7AC765898}"
EndProject
Project("{DCDA4A0A-0A5E-4522-B6C4-80513D0753CD}") = "System.Security", "src\MSBuild.Sdks\src\JustinWritesCode.Usings\System.Security.usings", "{3867B9E0-A076-4E32-BA4D-C2B51576C667}"
EndProject
Project("{DCDA4A0A-0A5E-4522-B6C4-80513D0753CD}") = "System.Threading.Tasks", "src\MSBuild.Sdks\src\JustinWritesCode.Usings\System.Threading.Tasks.usings", "{1B680FA8-4BD6-4CA1-9B8B-C989B8A49462}"
EndProject
Project("{DCDA4A0A-0A5E-4522-B6C4-80513D0753CD}") = "System", "src\MSBuild.Sdks\src\JustinWritesCode.Usings\System.usings", "{684D9305-1E11-4F0C-BB36-EC92640DB5CC}"
EndProject
Project("{9A19103F-16F7-4668-BE54-9A1E7A4F7556}") = "MSBuild.IncludeSdk", "src\MSBuild.Sdks\src\MSBuild.IncludeSdk\MSBuild.IncludeSdk.csproj", "{7DF30D22-BF5C-444A-AA01-184075C542A2}"
EndProject
Project("{9A19103F-16F7-4668-BE54-9A1E7A4F7556}") = "MSBuild.UsingsSdk", "src\MSBuild.Sdks\src\MSBuild.UsingsSdk\MSBuild.UsingsSdk.csproj", "{BD70CF78-5E7C-44B2-9E7E-48D6BE1FC349}"
EndProject
Project("{9A19103F-16F7-4668-BE54-9A1E7A4F7556}") = "MSBuild.UsingsSdk.Tests", "src\MSBuild.Sdks\tests\MSBuild.UsingsSdk.Tests\MSBuild.UsingsSdk.Tests.csproj", "{B175915F-22D3-408B-9151-2D726CD5D875}"
EndProject
Project("{76EAAFAD-9FDA-4299-B582-8E3C4CED5A18}") = "RestoreCommonFiles", "src\nuget-icons\RestoreCommonFiles.restoreproj", "{DC79544F-2C0C-4384-B992-7EB8A00F0D2D}"
EndProject
Project("{9A19103F-16F7-4668-BE54-9A1E7A4F7556}") = "nuget-icons", "src\nuget-icons\src\nuget-icons\nuget-icons.csproj", "{7851D3FC-5D58-401A-B11D-66945B6A91E4}"
EndProject
Project("{9A19103F-16F7-4668-BE54-9A1E7A4F7556}") = "nuget-icons-test", "src\nuget-icons\tests\nuget-icons-test\nuget-icons-test.csproj", "{BBDBDC55-A3F2-4ACD-B467-00F90AFF9F49}"
EndProject
Project("{76EAAFAD-9FDA-4299-B582-8E3C4CED5A18}") = "RestoreCommonFiles", "src\Types\RestoreCommonFiles.restoreproj", "{C0BF26F4-308F-4DC8-95CE-50BFBAD413CB}"
EndProject
Project("{9A19103F-16F7-4668-BE54-9A1E7A4F7556}") = "JustinWritesCode.Abstractions", "src\Types\src\Core\Abstractions\JustinWritesCode.Abstractions.csproj", "{229122C5-418A-49CF-887F-ED3E53A91F57}"
EndProject
Project("{9A19103F-16F7-4668-BE54-9A1E7A4F7556}") = "JustinWritesCode.ComponentModel", "src\Types\src\Core\ComponentModel\JustinWritesCode.ComponentModel.csproj", "{3EA28364-CFB4-42A1-8783-6D332F7C8D83}"
EndProject
Project("{34EAC930-E0CA-420B-BD8C-86042DD9E676}") = "JustinWritesCode.Types.Core", "src\Types\src\Core\JustinWritesCode.Types.Core.slnproj", "{5C359983-7899-417F-A9E2-90E82A8283F7}"
EndProject
Project("{9A19103F-16F7-4668-BE54-9A1E7A4F7556}") = "JustinWritesCode.Domain", "src\Types\src\Domain\JustinWritesCode.Domain.csproj", "{1B807CF5-A72E-43CF-8A2B-2C00F5E4782E}"
EndProject
Project("{9A19103F-16F7-4668-BE54-9A1E7A4F7556}") = "JustinWritesCode.Enumerations.CodeGeneration", "src\Types\src\Enumerations\CodeGeneration\JustinWritesCode.Enumerations.CodeGeneration.csproj", "{4E2E6CE2-1E9C-4FF3-B441-A3498EF732E8}"
EndProject
Project("{9A19103F-16F7-4668-BE54-9A1E7A4F7556}") = "JustinWritesCode.Enumerations.Abstractions", "src\Types\src\Enumerations\Enumeration\Abstractions\JustinWritesCode.Enumerations.Abstractions.csproj", "{B95672B4-B149-4DEA-A571-184D0B9D5C7A}"
EndProject
Project("{9A19103F-16F7-4668-BE54-9A1E7A4F7556}") = "JustinWritesCode.Enumerations.Enumeration", "src\Types\src\Enumerations\Enumeration\JustinWritesCode.Enumerations.Enumeration.csproj", "{512E4C25-B6F0-45E2-BC63-91947EF33637}"
EndProject
Project("{9A19103F-16F7-4668-BE54-9A1E7A4F7556}") = "JustinWritesCode.Enumerations.EnumsTests", "src\Types\src\Enumerations\EnumerationsTests\JustinWritesCode.Enumerations.EnumsTests.csproj", "{F6187AAE-6D2D-421B-92E7-6AF9FD561916}"
EndProject
Project("{9A19103F-16F7-4668-BE54-9A1E7A4F7556}") = "JustinWritesCode.Enums", "src\Types\src\Enumerations\Enums\JustinWritesCode.Enums.csproj", "{1E53DC41-AEED-4B9B-AFE3-906632C87AE9}"
EndProject
Project("{9A19103F-16F7-4668-BE54-9A1E7A4F7556}") = "JustinWritesCode.Enumerations", "src\Types\src\Enumerations\JustinWritesCode.Enumerations.csproj", "{87F1D719-AAC3-44DC-8B63-AFA5D4CB484A}"
EndProject
Project("{9A19103F-16F7-4668-BE54-9A1E7A4F7556}") = "JustinWritesCode.Extensions", "src\Types\src\Extensions\JustinWritesCode.Extensions.csproj", "{36F1BBA9-06AB-4DA2-A8B0-AAFE224B235A}"
EndProject
Project("{9A19103F-16F7-4668-BE54-9A1E7A4F7556}") = "JustinWritesCode.Http.Extensions", "src\Types\src\Http\Extensions\JustinWritesCode.Http.Extensions.csproj", "{36D6381A-AA3E-496B-A057-DBEA5326844C}"
EndProject
Project("{9A19103F-16F7-4668-BE54-9A1E7A4F7556}") = "JustinWritesCode.Payloads", "src\Types\src\Payloads\JustinWritesCode.Payloads.csproj", "{5B0D9EA0-C6EE-4377-ABE2-ED623692A6C0}"
EndProject
Project("{9A19103F-16F7-4668-BE54-9A1E7A4F7556}") = "JustinWritesCode.Enumerations.CodeGeneration.Tests", "src\Types\tests\Enumerations\CodeGeneration.Tests\JustinWritesCode.Enumerations.CodeGeneration.Tests.csproj", "{AE364651-3BC6-4F4F-BA0A-49892DA5CBF8}"
EndProject
Project("{2150E333-8FDC-42A3-9474-1A3956D46DE8}") = "src", "src", "{93C912BD-6BAC-4339-947C-AD5E8843DB24}"
EndProject
Project("{2150E333-8FDC-42A3-9474-1A3956D46DE8}") = "usings", "usings", "{67580069-F369-4D09-9489-688047AF58C7}"
EndProject
Project("{2150E333-8FDC-42A3-9474-1A3956D46DE8}") = "Core", "Core", "{4C1E8A0A-E7C5-4862-AF12-80D12E4ECDB2}"
EndProject
Project("{2150E333-8FDC-42A3-9474-1A3956D46DE8}") = "Domain", "Domain", "{740A1E61-AD62-40D7-8639-A4F5C72CCEC2}"
EndProject
Project("{2150E333-8FDC-42A3-9474-1A3956D46DE8}") = "Enumerations", "Enumerations", "{EA07E841-DD3C-4771-AF68-164A0B7367A8}"
EndProject
Project("{2150E333-8FDC-42A3-9474-1A3956D46DE8}") = "tests", "tests", "{D3B1F8EC-F455-4527-BE84-E7D025939AA6}"
EndProject
Project("{2150E333-8FDC-42A3-9474-1A3956D46DE8}") = "Extensions", "Extensions", "{EE1A79B2-5C42-4D67-9E06-9DF3511CF9B3}"
EndProject
Global
	GlobalSection(SolutionConfigurationPlatforms) = preSolution
		Testing|Any CPU = Testing|Any CPU
		Local|Any CPU = Local|Any CPU
		Debug|Any CPU = Debug|Any CPU
		Staging|Any CPU = Staging|Any CPU
		Release|Any CPU = Release|Any CPU
		Dev|Any CPU = Dev|Any CPU
		Stage|Any CPU = Stage|Any CPU
	EndGlobalSection
	GlobalSection(ProjectConfigurationPlatforms) = postSolution
		{341E1431-1435-4233-A201-A3B1E124A77F}.Testing|Any CPU.ActiveCfg = Testing|Any CPU
		{341E1431-1435-4233-A201-A3B1E124A77F}.Testing|Any CPU.Build.0 = Testing|Any CPU
		{341E1431-1435-4233-A201-A3B1E124A77F}.Local|Any CPU.ActiveCfg = Local|Any CPU
		{341E1431-1435-4233-A201-A3B1E124A77F}.Local|Any CPU.Build.0 = Local|Any CPU
		{341E1431-1435-4233-A201-A3B1E124A77F}.Debug|Any CPU.ActiveCfg = Debug|Any CPU
		{341E1431-1435-4233-A201-A3B1E124A77F}.Debug|Any CPU.Build.0 = Debug|Any CPU
		{341E1431-1435-4233-A201-A3B1E124A77F}.Staging|Any CPU.ActiveCfg = Staging|Any CPU
		{341E1431-1435-4233-A201-A3B1E124A77F}.Staging|Any CPU.Build.0 = Staging|Any CPU
		{341E1431-1435-4233-A201-A3B1E124A77F}.Release|Any CPU.ActiveCfg = Release|Any CPU
		{341E1431-1435-4233-A201-A3B1E124A77F}.Release|Any CPU.Build.0 = Release|Any CPU
		{341E1431-1435-4233-A201-A3B1E124A77F}.Dev|Any CPU.ActiveCfg = Testing|Any CPU
		{341E1431-1435-4233-A201-A3B1E124A77F}.Stage|Any CPU.ActiveCfg = Testing|Any CPU
		{786B71FB-8F23-42E7-9058-555969F245E6}.Testing|Any CPU.ActiveCfg = Testing|Any CPU
		{786B71FB-8F23-42E7-9058-555969F245E6}.Testing|Any CPU.Build.0 = Testing|Any CPU
		{786B71FB-8F23-42E7-9058-555969F245E6}.Local|Any CPU.ActiveCfg = Local|Any CPU
		{786B71FB-8F23-42E7-9058-555969F245E6}.Local|Any CPU.Build.0 = Local|Any CPU
		{786B71FB-8F23-42E7-9058-555969F245E6}.Debug|Any CPU.ActiveCfg = Debug|Any CPU
		{786B71FB-8F23-42E7-9058-555969F245E6}.Debug|Any CPU.Build.0 = Debug|Any CPU
		{786B71FB-8F23-42E7-9058-555969F245E6}.Staging|Any CPU.ActiveCfg = Staging|Any CPU
		{786B71FB-8F23-42E7-9058-555969F245E6}.Staging|Any CPU.Build.0 = Staging|Any CPU
		{786B71FB-8F23-42E7-9058-555969F245E6}.Release|Any CPU.ActiveCfg = Release|Any CPU
		{786B71FB-8F23-42E7-9058-555969F245E6}.Release|Any CPU.Build.0 = Release|Any CPU
		{786B71FB-8F23-42E7-9058-555969F245E6}.Dev|Any CPU.ActiveCfg = Testing|Any CPU
		{786B71FB-8F23-42E7-9058-555969F245E6}.Stage|Any CPU.ActiveCfg = Testing|Any CPU
		{4FD2B39F-015C-46F3-8694-45CE59122ABE}.Testing|Any CPU.ActiveCfg = Testing|Any CPU
		{4FD2B39F-015C-46F3-8694-45CE59122ABE}.Testing|Any CPU.Build.0 = Testing|Any CPU
		{4FD2B39F-015C-46F3-8694-45CE59122ABE}.Local|Any CPU.ActiveCfg = Local|Any CPU
		{4FD2B39F-015C-46F3-8694-45CE59122ABE}.Local|Any CPU.Build.0 = Local|Any CPU
		{4FD2B39F-015C-46F3-8694-45CE59122ABE}.Debug|Any CPU.ActiveCfg = Debug|Any CPU
		{4FD2B39F-015C-46F3-8694-45CE59122ABE}.Debug|Any CPU.Build.0 = Debug|Any CPU
		{4FD2B39F-015C-46F3-8694-45CE59122ABE}.Staging|Any CPU.ActiveCfg = Staging|Any CPU
		{4FD2B39F-015C-46F3-8694-45CE59122ABE}.Staging|Any CPU.Build.0 = Staging|Any CPU
		{4FD2B39F-015C-46F3-8694-45CE59122ABE}.Release|Any CPU.ActiveCfg = Release|Any CPU
		{4FD2B39F-015C-46F3-8694-45CE59122ABE}.Release|Any CPU.Build.0 = Release|Any CPU
		{4FD2B39F-015C-46F3-8694-45CE59122ABE}.Dev|Any CPU.ActiveCfg = Testing|Any CPU
		{4FD2B39F-015C-46F3-8694-45CE59122ABE}.Stage|Any CPU.ActiveCfg = Testing|Any CPU
		{6D3C4CFC-8220-4DF3-95BA-5AD188334CA6}.Testing|Any CPU.ActiveCfg = Debug|Any CPU
		{6D3C4CFC-8220-4DF3-95BA-5AD188334CA6}.Local|Any CPU.ActiveCfg = Debug|Any CPU
		{6D3C4CFC-8220-4DF3-95BA-5AD188334CA6}.Debug|Any CPU.ActiveCfg = Debug|Any CPU
		{6D3C4CFC-8220-4DF3-95BA-5AD188334CA6}.Debug|Any CPU.Build.0 = Debug|Any CPU
		{6D3C4CFC-8220-4DF3-95BA-5AD188334CA6}.Staging|Any CPU.ActiveCfg = Debug|Any CPU
		{6D3C4CFC-8220-4DF3-95BA-5AD188334CA6}.Release|Any CPU.ActiveCfg = Debug|Any CPU
		{6D3C4CFC-8220-4DF3-95BA-5AD188334CA6}.Dev|Any CPU.ActiveCfg = Debug|Any CPU
		{6D3C4CFC-8220-4DF3-95BA-5AD188334CA6}.Stage|Any CPU.ActiveCfg = Debug|Any CPU
		{516BC1BE-0A40-408D-A7CD-ABA9AE37E9BC}.Testing|Any CPU.ActiveCfg = Testing|Any CPU
		{516BC1BE-0A40-408D-A7CD-ABA9AE37E9BC}.Testing|Any CPU.Build.0 = Testing|Any CPU
		{516BC1BE-0A40-408D-A7CD-ABA9AE37E9BC}.Local|Any CPU.ActiveCfg = Local|Any CPU
		{516BC1BE-0A40-408D-A7CD-ABA9AE37E9BC}.Local|Any CPU.Build.0 = Local|Any CPU
		{516BC1BE-0A40-408D-A7CD-ABA9AE37E9BC}.Debug|Any CPU.ActiveCfg = Debug|Any CPU
		{516BC1BE-0A40-408D-A7CD-ABA9AE37E9BC}.Debug|Any CPU.Build.0 = Debug|Any CPU
		{516BC1BE-0A40-408D-A7CD-ABA9AE37E9BC}.Staging|Any CPU.ActiveCfg = Staging|Any CPU
		{516BC1BE-0A40-408D-A7CD-ABA9AE37E9BC}.Staging|Any CPU.Build.0 = Staging|Any CPU
		{516BC1BE-0A40-408D-A7CD-ABA9AE37E9BC}.Release|Any CPU.ActiveCfg = Release|Any CPU
		{516BC1BE-0A40-408D-A7CD-ABA9AE37E9BC}.Release|Any CPU.Build.0 = Release|Any CPU
		{516BC1BE-0A40-408D-A7CD-ABA9AE37E9BC}.Dev|Any CPU.ActiveCfg = Testing|Any CPU
		{516BC1BE-0A40-408D-A7CD-ABA9AE37E9BC}.Stage|Any CPU.ActiveCfg = Testing|Any CPU
		{8E0D5520-221C-468E-8F6E-21CE4F8ACB5A}.Testing|Any CPU.ActiveCfg = Testing|Any CPU
		{8E0D5520-221C-468E-8F6E-21CE4F8ACB5A}.Testing|Any CPU.Build.0 = Testing|Any CPU
		{8E0D5520-221C-468E-8F6E-21CE4F8ACB5A}.Local|Any CPU.ActiveCfg = Local|Any CPU
		{8E0D5520-221C-468E-8F6E-21CE4F8ACB5A}.Local|Any CPU.Build.0 = Local|Any CPU
		{8E0D5520-221C-468E-8F6E-21CE4F8ACB5A}.Debug|Any CPU.ActiveCfg = Debug|Any CPU
		{8E0D5520-221C-468E-8F6E-21CE4F8ACB5A}.Debug|Any CPU.Build.0 = Debug|Any CPU
		{8E0D5520-221C-468E-8F6E-21CE4F8ACB5A}.Staging|Any CPU.ActiveCfg = Staging|Any CPU
		{8E0D5520-221C-468E-8F6E-21CE4F8ACB5A}.Staging|Any CPU.Build.0 = Staging|Any CPU
		{8E0D5520-221C-468E-8F6E-21CE4F8ACB5A}.Release|Any CPU.ActiveCfg = Release|Any CPU
		{8E0D5520-221C-468E-8F6E-21CE4F8ACB5A}.Release|Any CPU.Build.0 = Release|Any CPU
		{8E0D5520-221C-468E-8F6E-21CE4F8ACB5A}.Dev|Any CPU.ActiveCfg = Testing|Any CPU
		{8E0D5520-221C-468E-8F6E-21CE4F8ACB5A}.Stage|Any CPU.ActiveCfg = Testing|Any CPU
		{1224739A-4F29-4BE2-B736-A9EA290BB5DE}.Testing|Any CPU.ActiveCfg = Testing|Any CPU
		{1224739A-4F29-4BE2-B736-A9EA290BB5DE}.Testing|Any CPU.Build.0 = Testing|Any CPU
		{1224739A-4F29-4BE2-B736-A9EA290BB5DE}.Local|Any CPU.ActiveCfg = Local|Any CPU
		{1224739A-4F29-4BE2-B736-A9EA290BB5DE}.Local|Any CPU.Build.0 = Local|Any CPU
		{1224739A-4F29-4BE2-B736-A9EA290BB5DE}.Debug|Any CPU.ActiveCfg = Debug|Any CPU
		{1224739A-4F29-4BE2-B736-A9EA290BB5DE}.Debug|Any CPU.Build.0 = Debug|Any CPU
		{1224739A-4F29-4BE2-B736-A9EA290BB5DE}.Staging|Any CPU.ActiveCfg = Staging|Any CPU
		{1224739A-4F29-4BE2-B736-A9EA290BB5DE}.Staging|Any CPU.Build.0 = Staging|Any CPU
		{1224739A-4F29-4BE2-B736-A9EA290BB5DE}.Release|Any CPU.ActiveCfg = Release|Any CPU
		{1224739A-4F29-4BE2-B736-A9EA290BB5DE}.Release|Any CPU.Build.0 = Release|Any CPU
		{1224739A-4F29-4BE2-B736-A9EA290BB5DE}.Dev|Any CPU.ActiveCfg = Dev|Any CPU
		{1224739A-4F29-4BE2-B736-A9EA290BB5DE}.Dev|Any CPU.Build.0 = Dev|Any CPU
		{1224739A-4F29-4BE2-B736-A9EA290BB5DE}.Stage|Any CPU.ActiveCfg = Stage|Any CPU
		{1224739A-4F29-4BE2-B736-A9EA290BB5DE}.Stage|Any CPU.Build.0 = Stage|Any CPU
		{5A0D8897-70AB-44DF-A458-D53CCF494492}.Testing|Any CPU.ActiveCfg = Debug|Any CPU
		{5A0D8897-70AB-44DF-A458-D53CCF494492}.Local|Any CPU.ActiveCfg = Debug|Any CPU
		{5A0D8897-70AB-44DF-A458-D53CCF494492}.Debug|Any CPU.ActiveCfg = Debug|Any CPU
		{5A0D8897-70AB-44DF-A458-D53CCF494492}.Debug|Any CPU.Build.0 = Debug|Any CPU
		{5A0D8897-70AB-44DF-A458-D53CCF494492}.Staging|Any CPU.ActiveCfg = Debug|Any CPU
		{5A0D8897-70AB-44DF-A458-D53CCF494492}.Release|Any CPU.ActiveCfg = Debug|Any CPU
		{5A0D8897-70AB-44DF-A458-D53CCF494492}.Dev|Any CPU.ActiveCfg = Debug|Any CPU
		{5A0D8897-70AB-44DF-A458-D53CCF494492}.Stage|Any CPU.ActiveCfg = Debug|Any CPU
		{75C64B5C-C5D6-4E1B-878A-966308DC9A72}.Testing|Any CPU.ActiveCfg = Testing|Any CPU
		{75C64B5C-C5D6-4E1B-878A-966308DC9A72}.Testing|Any CPU.Build.0 = Testing|Any CPU
		{75C64B5C-C5D6-4E1B-878A-966308DC9A72}.Local|Any CPU.ActiveCfg = Local|Any CPU
		{75C64B5C-C5D6-4E1B-878A-966308DC9A72}.Local|Any CPU.Build.0 = Local|Any CPU
		{75C64B5C-C5D6-4E1B-878A-966308DC9A72}.Debug|Any CPU.ActiveCfg = Debug|Any CPU
		{75C64B5C-C5D6-4E1B-878A-966308DC9A72}.Debug|Any CPU.Build.0 = Debug|Any CPU
		{75C64B5C-C5D6-4E1B-878A-966308DC9A72}.Staging|Any CPU.ActiveCfg = Staging|Any CPU
		{75C64B5C-C5D6-4E1B-878A-966308DC9A72}.Staging|Any CPU.Build.0 = Staging|Any CPU
		{75C64B5C-C5D6-4E1B-878A-966308DC9A72}.Release|Any CPU.ActiveCfg = Release|Any CPU
		{75C64B5C-C5D6-4E1B-878A-966308DC9A72}.Release|Any CPU.Build.0 = Release|Any CPU
		{75C64B5C-C5D6-4E1B-878A-966308DC9A72}.Dev|Any CPU.ActiveCfg = Testing|Any CPU
		{75C64B5C-C5D6-4E1B-878A-966308DC9A72}.Stage|Any CPU.ActiveCfg = Testing|Any CPU
		{56B8585E-07A8-48AA-8685-5422AB2E379C}.Testing|Any CPU.ActiveCfg = Testing|Any CPU
		{56B8585E-07A8-48AA-8685-5422AB2E379C}.Testing|Any CPU.Build.0 = Testing|Any CPU
		{56B8585E-07A8-48AA-8685-5422AB2E379C}.Local|Any CPU.ActiveCfg = Local|Any CPU
		{56B8585E-07A8-48AA-8685-5422AB2E379C}.Local|Any CPU.Build.0 = Local|Any CPU
		{56B8585E-07A8-48AA-8685-5422AB2E379C}.Debug|Any CPU.ActiveCfg = Debug|Any CPU
		{56B8585E-07A8-48AA-8685-5422AB2E379C}.Debug|Any CPU.Build.0 = Debug|Any CPU
		{56B8585E-07A8-48AA-8685-5422AB2E379C}.Staging|Any CPU.ActiveCfg = Staging|Any CPU
		{56B8585E-07A8-48AA-8685-5422AB2E379C}.Staging|Any CPU.Build.0 = Staging|Any CPU
		{56B8585E-07A8-48AA-8685-5422AB2E379C}.Release|Any CPU.ActiveCfg = Release|Any CPU
		{56B8585E-07A8-48AA-8685-5422AB2E379C}.Release|Any CPU.Build.0 = Release|Any CPU
		{56B8585E-07A8-48AA-8685-5422AB2E379C}.Dev|Any CPU.ActiveCfg = Testing|Any CPU
		{56B8585E-07A8-48AA-8685-5422AB2E379C}.Stage|Any CPU.ActiveCfg = Testing|Any CPU
		{369565A7-379A-4BA7-9E40-5E42D60186B0}.Testing|Any CPU.ActiveCfg = Testing|Any CPU
		{369565A7-379A-4BA7-9E40-5E42D60186B0}.Testing|Any CPU.Build.0 = Testing|Any CPU
		{369565A7-379A-4BA7-9E40-5E42D60186B0}.Local|Any CPU.ActiveCfg = Local|Any CPU
		{369565A7-379A-4BA7-9E40-5E42D60186B0}.Local|Any CPU.Build.0 = Local|Any CPU
		{369565A7-379A-4BA7-9E40-5E42D60186B0}.Debug|Any CPU.ActiveCfg = Debug|Any CPU
		{369565A7-379A-4BA7-9E40-5E42D60186B0}.Debug|Any CPU.Build.0 = Debug|Any CPU
		{369565A7-379A-4BA7-9E40-5E42D60186B0}.Staging|Any CPU.ActiveCfg = Staging|Any CPU
		{369565A7-379A-4BA7-9E40-5E42D60186B0}.Staging|Any CPU.Build.0 = Staging|Any CPU
		{369565A7-379A-4BA7-9E40-5E42D60186B0}.Release|Any CPU.ActiveCfg = Release|Any CPU
		{369565A7-379A-4BA7-9E40-5E42D60186B0}.Release|Any CPU.Build.0 = Release|Any CPU
		{369565A7-379A-4BA7-9E40-5E42D60186B0}.Dev|Any CPU.ActiveCfg = Testing|Any CPU
		{369565A7-379A-4BA7-9E40-5E42D60186B0}.Stage|Any CPU.ActiveCfg = Testing|Any CPU
		{E6DE9FB1-337B-4ABB-8B66-274E2F107001}.Testing|Any CPU.ActiveCfg = Testing|Any CPU
		{E6DE9FB1-337B-4ABB-8B66-274E2F107001}.Testing|Any CPU.Build.0 = Testing|Any CPU
		{E6DE9FB1-337B-4ABB-8B66-274E2F107001}.Local|Any CPU.ActiveCfg = Local|Any CPU
		{E6DE9FB1-337B-4ABB-8B66-274E2F107001}.Local|Any CPU.Build.0 = Local|Any CPU
		{E6DE9FB1-337B-4ABB-8B66-274E2F107001}.Debug|Any CPU.ActiveCfg = Debug|Any CPU
		{E6DE9FB1-337B-4ABB-8B66-274E2F107001}.Debug|Any CPU.Build.0 = Debug|Any CPU
		{E6DE9FB1-337B-4ABB-8B66-274E2F107001}.Staging|Any CPU.ActiveCfg = Staging|Any CPU
		{E6DE9FB1-337B-4ABB-8B66-274E2F107001}.Staging|Any CPU.Build.0 = Staging|Any CPU
		{E6DE9FB1-337B-4ABB-8B66-274E2F107001}.Release|Any CPU.ActiveCfg = Release|Any CPU
		{E6DE9FB1-337B-4ABB-8B66-274E2F107001}.Release|Any CPU.Build.0 = Release|Any CPU
		{E6DE9FB1-337B-4ABB-8B66-274E2F107001}.Dev|Any CPU.ActiveCfg = Testing|Any CPU
		{E6DE9FB1-337B-4ABB-8B66-274E2F107001}.Stage|Any CPU.ActiveCfg = Testing|Any CPU
		{AC62BF7F-CBF6-4B25-B6EE-2484E2012177}.Testing|Any CPU.ActiveCfg = Debug|Any CPU
		{AC62BF7F-CBF6-4B25-B6EE-2484E2012177}.Local|Any CPU.ActiveCfg = Debug|Any CPU
		{AC62BF7F-CBF6-4B25-B6EE-2484E2012177}.Debug|Any CPU.ActiveCfg = Debug|Any CPU
		{AC62BF7F-CBF6-4B25-B6EE-2484E2012177}.Debug|Any CPU.Build.0 = Debug|Any CPU
		{AC62BF7F-CBF6-4B25-B6EE-2484E2012177}.Staging|Any CPU.ActiveCfg = Debug|Any CPU
		{AC62BF7F-CBF6-4B25-B6EE-2484E2012177}.Release|Any CPU.ActiveCfg = Debug|Any CPU
		{AC62BF7F-CBF6-4B25-B6EE-2484E2012177}.Dev|Any CPU.ActiveCfg = Debug|Any CPU
		{AC62BF7F-CBF6-4B25-B6EE-2484E2012177}.Stage|Any CPU.ActiveCfg = Debug|Any CPU
		{B73E5EB9-1601-4813-995B-84981572F86B}.Testing|Any CPU.ActiveCfg = Testing|Any CPU
		{B73E5EB9-1601-4813-995B-84981572F86B}.Testing|Any CPU.Build.0 = Testing|Any CPU
		{B73E5EB9-1601-4813-995B-84981572F86B}.Local|Any CPU.ActiveCfg = Local|Any CPU
		{B73E5EB9-1601-4813-995B-84981572F86B}.Local|Any CPU.Build.0 = Local|Any CPU
		{B73E5EB9-1601-4813-995B-84981572F86B}.Debug|Any CPU.ActiveCfg = Debug|Any CPU
		{B73E5EB9-1601-4813-995B-84981572F86B}.Debug|Any CPU.Build.0 = Debug|Any CPU
		{B73E5EB9-1601-4813-995B-84981572F86B}.Staging|Any CPU.ActiveCfg = Staging|Any CPU
		{B73E5EB9-1601-4813-995B-84981572F86B}.Staging|Any CPU.Build.0 = Staging|Any CPU
		{B73E5EB9-1601-4813-995B-84981572F86B}.Release|Any CPU.ActiveCfg = Release|Any CPU
		{B73E5EB9-1601-4813-995B-84981572F86B}.Release|Any CPU.Build.0 = Release|Any CPU
		{B73E5EB9-1601-4813-995B-84981572F86B}.Dev|Any CPU.ActiveCfg = Testing|Any CPU
		{B73E5EB9-1601-4813-995B-84981572F86B}.Stage|Any CPU.ActiveCfg = Testing|Any CPU
		{F73413C4-A250-49AB-B6A5-C86CBB01B7EE}.Testing|Any CPU.ActiveCfg = Testing|Any CPU
		{F73413C4-A250-49AB-B6A5-C86CBB01B7EE}.Testing|Any CPU.Build.0 = Testing|Any CPU
		{F73413C4-A250-49AB-B6A5-C86CBB01B7EE}.Local|Any CPU.ActiveCfg = Local|Any CPU
		{F73413C4-A250-49AB-B6A5-C86CBB01B7EE}.Local|Any CPU.Build.0 = Local|Any CPU
		{F73413C4-A250-49AB-B6A5-C86CBB01B7EE}.Debug|Any CPU.ActiveCfg = Debug|Any CPU
		{F73413C4-A250-49AB-B6A5-C86CBB01B7EE}.Debug|Any CPU.Build.0 = Debug|Any CPU
		{F73413C4-A250-49AB-B6A5-C86CBB01B7EE}.Staging|Any CPU.ActiveCfg = Staging|Any CPU
		{F73413C4-A250-49AB-B6A5-C86CBB01B7EE}.Staging|Any CPU.Build.0 = Staging|Any CPU
		{F73413C4-A250-49AB-B6A5-C86CBB01B7EE}.Release|Any CPU.ActiveCfg = Release|Any CPU
		{F73413C4-A250-49AB-B6A5-C86CBB01B7EE}.Release|Any CPU.Build.0 = Release|Any CPU
		{F73413C4-A250-49AB-B6A5-C86CBB01B7EE}.Dev|Any CPU.ActiveCfg = Testing|Any CPU
		{F73413C4-A250-49AB-B6A5-C86CBB01B7EE}.Stage|Any CPU.ActiveCfg = Testing|Any CPU
		{D3736C50-12ED-4A84-B69A-2D5995243200}.Testing|Any CPU.ActiveCfg = Testing|Any CPU
		{D3736C50-12ED-4A84-B69A-2D5995243200}.Testing|Any CPU.Build.0 = Testing|Any CPU
		{D3736C50-12ED-4A84-B69A-2D5995243200}.Local|Any CPU.ActiveCfg = Local|Any CPU
		{D3736C50-12ED-4A84-B69A-2D5995243200}.Local|Any CPU.Build.0 = Local|Any CPU
		{D3736C50-12ED-4A84-B69A-2D5995243200}.Debug|Any CPU.ActiveCfg = Debug|Any CPU
		{D3736C50-12ED-4A84-B69A-2D5995243200}.Debug|Any CPU.Build.0 = Debug|Any CPU
		{D3736C50-12ED-4A84-B69A-2D5995243200}.Staging|Any CPU.ActiveCfg = Staging|Any CPU
		{D3736C50-12ED-4A84-B69A-2D5995243200}.Staging|Any CPU.Build.0 = Staging|Any CPU
		{D3736C50-12ED-4A84-B69A-2D5995243200}.Release|Any CPU.ActiveCfg = Release|Any CPU
		{D3736C50-12ED-4A84-B69A-2D5995243200}.Release|Any CPU.Build.0 = Release|Any CPU
		{D3736C50-12ED-4A84-B69A-2D5995243200}.Dev|Any CPU.ActiveCfg = Dev|Any CPU
		{D3736C50-12ED-4A84-B69A-2D5995243200}.Dev|Any CPU.Build.0 = Dev|Any CPU
		{D3736C50-12ED-4A84-B69A-2D5995243200}.Stage|Any CPU.ActiveCfg = Stage|Any CPU
		{D3736C50-12ED-4A84-B69A-2D5995243200}.Stage|Any CPU.Build.0 = Stage|Any CPU
		{90848E36-A0E5-4EFD-9089-ECF12EFF0639}.Testing|Any CPU.ActiveCfg = Testing|Any CPU
		{90848E36-A0E5-4EFD-9089-ECF12EFF0639}.Testing|Any CPU.Build.0 = Testing|Any CPU
		{90848E36-A0E5-4EFD-9089-ECF12EFF0639}.Local|Any CPU.ActiveCfg = Local|Any CPU
		{90848E36-A0E5-4EFD-9089-ECF12EFF0639}.Local|Any CPU.Build.0 = Local|Any CPU
		{90848E36-A0E5-4EFD-9089-ECF12EFF0639}.Debug|Any CPU.ActiveCfg = Debug|Any CPU
		{90848E36-A0E5-4EFD-9089-ECF12EFF0639}.Debug|Any CPU.Build.0 = Debug|Any CPU
		{90848E36-A0E5-4EFD-9089-ECF12EFF0639}.Staging|Any CPU.ActiveCfg = Staging|Any CPU
		{90848E36-A0E5-4EFD-9089-ECF12EFF0639}.Staging|Any CPU.Build.0 = Staging|Any CPU
		{90848E36-A0E5-4EFD-9089-ECF12EFF0639}.Release|Any CPU.ActiveCfg = Release|Any CPU
		{90848E36-A0E5-4EFD-9089-ECF12EFF0639}.Release|Any CPU.Build.0 = Release|Any CPU
		{90848E36-A0E5-4EFD-9089-ECF12EFF0639}.Dev|Any CPU.ActiveCfg = Testing|Any CPU
		{90848E36-A0E5-4EFD-9089-ECF12EFF0639}.Stage|Any CPU.ActiveCfg = Testing|Any CPU
		{5700B997-8EA5-42ED-ACB0-999A32844CCA}.Testing|Any CPU.ActiveCfg = Testing|Any CPU
		{5700B997-8EA5-42ED-ACB0-999A32844CCA}.Testing|Any CPU.Build.0 = Testing|Any CPU
		{5700B997-8EA5-42ED-ACB0-999A32844CCA}.Local|Any CPU.ActiveCfg = Local|Any CPU
		{5700B997-8EA5-42ED-ACB0-999A32844CCA}.Local|Any CPU.Build.0 = Local|Any CPU
		{5700B997-8EA5-42ED-ACB0-999A32844CCA}.Debug|Any CPU.ActiveCfg = Debug|Any CPU
		{5700B997-8EA5-42ED-ACB0-999A32844CCA}.Debug|Any CPU.Build.0 = Debug|Any CPU
		{5700B997-8EA5-42ED-ACB0-999A32844CCA}.Staging|Any CPU.ActiveCfg = Staging|Any CPU
		{5700B997-8EA5-42ED-ACB0-999A32844CCA}.Staging|Any CPU.Build.0 = Staging|Any CPU
		{5700B997-8EA5-42ED-ACB0-999A32844CCA}.Release|Any CPU.ActiveCfg = Release|Any CPU
		{5700B997-8EA5-42ED-ACB0-999A32844CCA}.Release|Any CPU.Build.0 = Release|Any CPU
		{5700B997-8EA5-42ED-ACB0-999A32844CCA}.Dev|Any CPU.ActiveCfg = Testing|Any CPU
		{5700B997-8EA5-42ED-ACB0-999A32844CCA}.Stage|Any CPU.ActiveCfg = Testing|Any CPU
		{46AD76CB-D41D-4203-A8DD-A0DF0E35DC10}.Testing|Any CPU.ActiveCfg = Testing|Any CPU
		{46AD76CB-D41D-4203-A8DD-A0DF0E35DC10}.Testing|Any CPU.Build.0 = Testing|Any CPU
		{46AD76CB-D41D-4203-A8DD-A0DF0E35DC10}.Local|Any CPU.ActiveCfg = Local|Any CPU
		{46AD76CB-D41D-4203-A8DD-A0DF0E35DC10}.Local|Any CPU.Build.0 = Local|Any CPU
		{46AD76CB-D41D-4203-A8DD-A0DF0E35DC10}.Debug|Any CPU.ActiveCfg = Debug|Any CPU
		{46AD76CB-D41D-4203-A8DD-A0DF0E35DC10}.Debug|Any CPU.Build.0 = Debug|Any CPU
		{46AD76CB-D41D-4203-A8DD-A0DF0E35DC10}.Staging|Any CPU.ActiveCfg = Staging|Any CPU
		{46AD76CB-D41D-4203-A8DD-A0DF0E35DC10}.Staging|Any CPU.Build.0 = Staging|Any CPU
		{46AD76CB-D41D-4203-A8DD-A0DF0E35DC10}.Release|Any CPU.ActiveCfg = Release|Any CPU
		{46AD76CB-D41D-4203-A8DD-A0DF0E35DC10}.Release|Any CPU.Build.0 = Release|Any CPU
		{46AD76CB-D41D-4203-A8DD-A0DF0E35DC10}.Dev|Any CPU.ActiveCfg = Testing|Any CPU
		{46AD76CB-D41D-4203-A8DD-A0DF0E35DC10}.Stage|Any CPU.ActiveCfg = Testing|Any CPU
		{58193697-D29D-4489-BB2A-8D59E64E9C6E}.Testing|Any CPU.ActiveCfg = Testing|Any CPU
		{58193697-D29D-4489-BB2A-8D59E64E9C6E}.Testing|Any CPU.Build.0 = Testing|Any CPU
		{58193697-D29D-4489-BB2A-8D59E64E9C6E}.Local|Any CPU.ActiveCfg = Local|Any CPU
		{58193697-D29D-4489-BB2A-8D59E64E9C6E}.Local|Any CPU.Build.0 = Local|Any CPU
		{58193697-D29D-4489-BB2A-8D59E64E9C6E}.Debug|Any CPU.ActiveCfg = Debug|Any CPU
		{58193697-D29D-4489-BB2A-8D59E64E9C6E}.Debug|Any CPU.Build.0 = Debug|Any CPU
		{58193697-D29D-4489-BB2A-8D59E64E9C6E}.Staging|Any CPU.ActiveCfg = Staging|Any CPU
		{58193697-D29D-4489-BB2A-8D59E64E9C6E}.Staging|Any CPU.Build.0 = Staging|Any CPU
		{58193697-D29D-4489-BB2A-8D59E64E9C6E}.Release|Any CPU.ActiveCfg = Release|Any CPU
		{58193697-D29D-4489-BB2A-8D59E64E9C6E}.Release|Any CPU.Build.0 = Release|Any CPU
		{58193697-D29D-4489-BB2A-8D59E64E9C6E}.Dev|Any CPU.ActiveCfg = Testing|Any CPU
		{58193697-D29D-4489-BB2A-8D59E64E9C6E}.Stage|Any CPU.ActiveCfg = Testing|Any CPU
		{27F2064F-2943-484E-8620-BCF3E012C7E5}.Testing|Any CPU.ActiveCfg = Testing|Any CPU
		{27F2064F-2943-484E-8620-BCF3E012C7E5}.Testing|Any CPU.Build.0 = Testing|Any CPU
		{27F2064F-2943-484E-8620-BCF3E012C7E5}.Local|Any CPU.ActiveCfg = Local|Any CPU
		{27F2064F-2943-484E-8620-BCF3E012C7E5}.Local|Any CPU.Build.0 = Local|Any CPU
		{27F2064F-2943-484E-8620-BCF3E012C7E5}.Debug|Any CPU.ActiveCfg = Debug|Any CPU
		{27F2064F-2943-484E-8620-BCF3E012C7E5}.Debug|Any CPU.Build.0 = Debug|Any CPU
		{27F2064F-2943-484E-8620-BCF3E012C7E5}.Staging|Any CPU.ActiveCfg = Staging|Any CPU
		{27F2064F-2943-484E-8620-BCF3E012C7E5}.Staging|Any CPU.Build.0 = Staging|Any CPU
		{27F2064F-2943-484E-8620-BCF3E012C7E5}.Release|Any CPU.ActiveCfg = Release|Any CPU
		{27F2064F-2943-484E-8620-BCF3E012C7E5}.Release|Any CPU.Build.0 = Release|Any CPU
		{27F2064F-2943-484E-8620-BCF3E012C7E5}.Dev|Any CPU.ActiveCfg = Testing|Any CPU
		{27F2064F-2943-484E-8620-BCF3E012C7E5}.Stage|Any CPU.ActiveCfg = Testing|Any CPU
		{1937A387-3C5F-400B-96A2-C1A7AC765898}.Testing|Any CPU.ActiveCfg = Testing|Any CPU
		{1937A387-3C5F-400B-96A2-C1A7AC765898}.Testing|Any CPU.Build.0 = Testing|Any CPU
		{1937A387-3C5F-400B-96A2-C1A7AC765898}.Local|Any CPU.ActiveCfg = Local|Any CPU
		{1937A387-3C5F-400B-96A2-C1A7AC765898}.Local|Any CPU.Build.0 = Local|Any CPU
		{1937A387-3C5F-400B-96A2-C1A7AC765898}.Debug|Any CPU.ActiveCfg = Debug|Any CPU
		{1937A387-3C5F-400B-96A2-C1A7AC765898}.Debug|Any CPU.Build.0 = Debug|Any CPU
		{1937A387-3C5F-400B-96A2-C1A7AC765898}.Staging|Any CPU.ActiveCfg = Staging|Any CPU
		{1937A387-3C5F-400B-96A2-C1A7AC765898}.Staging|Any CPU.Build.0 = Staging|Any CPU
		{1937A387-3C5F-400B-96A2-C1A7AC765898}.Release|Any CPU.ActiveCfg = Release|Any CPU
		{1937A387-3C5F-400B-96A2-C1A7AC765898}.Release|Any CPU.Build.0 = Release|Any CPU
		{1937A387-3C5F-400B-96A2-C1A7AC765898}.Dev|Any CPU.ActiveCfg = Testing|Any CPU
		{1937A387-3C5F-400B-96A2-C1A7AC765898}.Stage|Any CPU.ActiveCfg = Testing|Any CPU
		{3867B9E0-A076-4E32-BA4D-C2B51576C667}.Testing|Any CPU.ActiveCfg = Testing|Any CPU
		{3867B9E0-A076-4E32-BA4D-C2B51576C667}.Testing|Any CPU.Build.0 = Testing|Any CPU
		{3867B9E0-A076-4E32-BA4D-C2B51576C667}.Local|Any CPU.ActiveCfg = Local|Any CPU
		{3867B9E0-A076-4E32-BA4D-C2B51576C667}.Local|Any CPU.Build.0 = Local|Any CPU
		{3867B9E0-A076-4E32-BA4D-C2B51576C667}.Debug|Any CPU.ActiveCfg = Debug|Any CPU
		{3867B9E0-A076-4E32-BA4D-C2B51576C667}.Debug|Any CPU.Build.0 = Debug|Any CPU
		{3867B9E0-A076-4E32-BA4D-C2B51576C667}.Staging|Any CPU.ActiveCfg = Staging|Any CPU
		{3867B9E0-A076-4E32-BA4D-C2B51576C667}.Staging|Any CPU.Build.0 = Staging|Any CPU
		{3867B9E0-A076-4E32-BA4D-C2B51576C667}.Release|Any CPU.ActiveCfg = Release|Any CPU
		{3867B9E0-A076-4E32-BA4D-C2B51576C667}.Release|Any CPU.Build.0 = Release|Any CPU
		{3867B9E0-A076-4E32-BA4D-C2B51576C667}.Dev|Any CPU.ActiveCfg = Testing|Any CPU
		{3867B9E0-A076-4E32-BA4D-C2B51576C667}.Stage|Any CPU.ActiveCfg = Testing|Any CPU
		{1B680FA8-4BD6-4CA1-9B8B-C989B8A49462}.Testing|Any CPU.ActiveCfg = Testing|Any CPU
		{1B680FA8-4BD6-4CA1-9B8B-C989B8A49462}.Testing|Any CPU.Build.0 = Testing|Any CPU
		{1B680FA8-4BD6-4CA1-9B8B-C989B8A49462}.Local|Any CPU.ActiveCfg = Local|Any CPU
		{1B680FA8-4BD6-4CA1-9B8B-C989B8A49462}.Local|Any CPU.Build.0 = Local|Any CPU
		{1B680FA8-4BD6-4CA1-9B8B-C989B8A49462}.Debug|Any CPU.ActiveCfg = Debug|Any CPU
		{1B680FA8-4BD6-4CA1-9B8B-C989B8A49462}.Debug|Any CPU.Build.0 = Debug|Any CPU
		{1B680FA8-4BD6-4CA1-9B8B-C989B8A49462}.Staging|Any CPU.ActiveCfg = Staging|Any CPU
		{1B680FA8-4BD6-4CA1-9B8B-C989B8A49462}.Staging|Any CPU.Build.0 = Staging|Any CPU
		{1B680FA8-4BD6-4CA1-9B8B-C989B8A49462}.Release|Any CPU.ActiveCfg = Release|Any CPU
		{1B680FA8-4BD6-4CA1-9B8B-C989B8A49462}.Release|Any CPU.Build.0 = Release|Any CPU
		{1B680FA8-4BD6-4CA1-9B8B-C989B8A49462}.Dev|Any CPU.ActiveCfg = Testing|Any CPU
		{1B680FA8-4BD6-4CA1-9B8B-C989B8A49462}.Stage|Any CPU.ActiveCfg = Testing|Any CPU
		{684D9305-1E11-4F0C-BB36-EC92640DB5CC}.Testing|Any CPU.ActiveCfg = Testing|Any CPU
		{684D9305-1E11-4F0C-BB36-EC92640DB5CC}.Testing|Any CPU.Build.0 = Testing|Any CPU
		{684D9305-1E11-4F0C-BB36-EC92640DB5CC}.Local|Any CPU.ActiveCfg = Local|Any CPU
		{684D9305-1E11-4F0C-BB36-EC92640DB5CC}.Local|Any CPU.Build.0 = Local|Any CPU
		{684D9305-1E11-4F0C-BB36-EC92640DB5CC}.Debug|Any CPU.ActiveCfg = Debug|Any CPU
		{684D9305-1E11-4F0C-BB36-EC92640DB5CC}.Debug|Any CPU.Build.0 = Debug|Any CPU
		{684D9305-1E11-4F0C-BB36-EC92640DB5CC}.Staging|Any CPU.ActiveCfg = Staging|Any CPU
		{684D9305-1E11-4F0C-BB36-EC92640DB5CC}.Staging|Any CPU.Build.0 = Staging|Any CPU
		{684D9305-1E11-4F0C-BB36-EC92640DB5CC}.Release|Any CPU.ActiveCfg = Release|Any CPU
		{684D9305-1E11-4F0C-BB36-EC92640DB5CC}.Release|Any CPU.Build.0 = Release|Any CPU
		{684D9305-1E11-4F0C-BB36-EC92640DB5CC}.Dev|Any CPU.ActiveCfg = Testing|Any CPU
		{684D9305-1E11-4F0C-BB36-EC92640DB5CC}.Stage|Any CPU.ActiveCfg = Testing|Any CPU
		{7DF30D22-BF5C-444A-AA01-184075C542A2}.Testing|Any CPU.ActiveCfg = Testing|Any CPU
		{7DF30D22-BF5C-444A-AA01-184075C542A2}.Testing|Any CPU.Build.0 = Testing|Any CPU
		{7DF30D22-BF5C-444A-AA01-184075C542A2}.Local|Any CPU.ActiveCfg = Local|Any CPU
		{7DF30D22-BF5C-444A-AA01-184075C542A2}.Local|Any CPU.Build.0 = Local|Any CPU
		{7DF30D22-BF5C-444A-AA01-184075C542A2}.Debug|Any CPU.ActiveCfg = Debug|Any CPU
		{7DF30D22-BF5C-444A-AA01-184075C542A2}.Debug|Any CPU.Build.0 = Debug|Any CPU
		{7DF30D22-BF5C-444A-AA01-184075C542A2}.Staging|Any CPU.ActiveCfg = Staging|Any CPU
		{7DF30D22-BF5C-444A-AA01-184075C542A2}.Staging|Any CPU.Build.0 = Staging|Any CPU
		{7DF30D22-BF5C-444A-AA01-184075C542A2}.Release|Any CPU.ActiveCfg = Release|Any CPU
		{7DF30D22-BF5C-444A-AA01-184075C542A2}.Release|Any CPU.Build.0 = Release|Any CPU
		{7DF30D22-BF5C-444A-AA01-184075C542A2}.Dev|Any CPU.ActiveCfg = Testing|Any CPU
		{7DF30D22-BF5C-444A-AA01-184075C542A2}.Stage|Any CPU.ActiveCfg = Testing|Any CPU
		{BD70CF78-5E7C-44B2-9E7E-48D6BE1FC349}.Testing|Any CPU.ActiveCfg = Testing|Any CPU
		{BD70CF78-5E7C-44B2-9E7E-48D6BE1FC349}.Testing|Any CPU.Build.0 = Testing|Any CPU
		{BD70CF78-5E7C-44B2-9E7E-48D6BE1FC349}.Local|Any CPU.ActiveCfg = Local|Any CPU
		{BD70CF78-5E7C-44B2-9E7E-48D6BE1FC349}.Local|Any CPU.Build.0 = Local|Any CPU
		{BD70CF78-5E7C-44B2-9E7E-48D6BE1FC349}.Debug|Any CPU.ActiveCfg = Debug|Any CPU
		{BD70CF78-5E7C-44B2-9E7E-48D6BE1FC349}.Debug|Any CPU.Build.0 = Debug|Any CPU
		{BD70CF78-5E7C-44B2-9E7E-48D6BE1FC349}.Staging|Any CPU.ActiveCfg = Staging|Any CPU
		{BD70CF78-5E7C-44B2-9E7E-48D6BE1FC349}.Staging|Any CPU.Build.0 = Staging|Any CPU
		{BD70CF78-5E7C-44B2-9E7E-48D6BE1FC349}.Release|Any CPU.ActiveCfg = Release|Any CPU
		{BD70CF78-5E7C-44B2-9E7E-48D6BE1FC349}.Release|Any CPU.Build.0 = Release|Any CPU
		{BD70CF78-5E7C-44B2-9E7E-48D6BE1FC349}.Dev|Any CPU.ActiveCfg = Testing|Any CPU
		{BD70CF78-5E7C-44B2-9E7E-48D6BE1FC349}.Stage|Any CPU.ActiveCfg = Testing|Any CPU
		{B175915F-22D3-408B-9151-2D726CD5D875}.Testing|Any CPU.ActiveCfg = Testing|Any CPU
		{B175915F-22D3-408B-9151-2D726CD5D875}.Testing|Any CPU.Build.0 = Testing|Any CPU
		{B175915F-22D3-408B-9151-2D726CD5D875}.Local|Any CPU.ActiveCfg = Local|Any CPU
		{B175915F-22D3-408B-9151-2D726CD5D875}.Local|Any CPU.Build.0 = Local|Any CPU
		{B175915F-22D3-408B-9151-2D726CD5D875}.Debug|Any CPU.ActiveCfg = Debug|Any CPU
		{B175915F-22D3-408B-9151-2D726CD5D875}.Debug|Any CPU.Build.0 = Debug|Any CPU
		{B175915F-22D3-408B-9151-2D726CD5D875}.Staging|Any CPU.ActiveCfg = Staging|Any CPU
		{B175915F-22D3-408B-9151-2D726CD5D875}.Staging|Any CPU.Build.0 = Staging|Any CPU
		{B175915F-22D3-408B-9151-2D726CD5D875}.Release|Any CPU.ActiveCfg = Release|Any CPU
		{B175915F-22D3-408B-9151-2D726CD5D875}.Release|Any CPU.Build.0 = Release|Any CPU
		{B175915F-22D3-408B-9151-2D726CD5D875}.Dev|Any CPU.ActiveCfg = Testing|Any CPU
		{B175915F-22D3-408B-9151-2D726CD5D875}.Stage|Any CPU.ActiveCfg = Testing|Any CPU
		{DC79544F-2C0C-4384-B992-7EB8A00F0D2D}.Testing|Any CPU.ActiveCfg = Debug|Any CPU
		{DC79544F-2C0C-4384-B992-7EB8A00F0D2D}.Local|Any CPU.ActiveCfg = Debug|Any CPU
		{DC79544F-2C0C-4384-B992-7EB8A00F0D2D}.Debug|Any CPU.ActiveCfg = Debug|Any CPU
		{DC79544F-2C0C-4384-B992-7EB8A00F0D2D}.Debug|Any CPU.Build.0 = Debug|Any CPU
		{DC79544F-2C0C-4384-B992-7EB8A00F0D2D}.Staging|Any CPU.ActiveCfg = Debug|Any CPU
		{DC79544F-2C0C-4384-B992-7EB8A00F0D2D}.Release|Any CPU.ActiveCfg = Release|Any CPU
		{DC79544F-2C0C-4384-B992-7EB8A00F0D2D}.Release|Any CPU.Build.0 = Release|Any CPU
		{DC79544F-2C0C-4384-B992-7EB8A00F0D2D}.Dev|Any CPU.ActiveCfg = Debug|Any CPU
		{DC79544F-2C0C-4384-B992-7EB8A00F0D2D}.Stage|Any CPU.ActiveCfg = Debug|Any CPU
		{7851D3FC-5D58-401A-B11D-66945B6A91E4}.Testing|Any CPU.ActiveCfg = Debug|Any CPU
		{7851D3FC-5D58-401A-B11D-66945B6A91E4}.Local|Any CPU.ActiveCfg = Debug|Any CPU
		{7851D3FC-5D58-401A-B11D-66945B6A91E4}.Debug|Any CPU.ActiveCfg = Debug|Any CPU
		{7851D3FC-5D58-401A-B11D-66945B6A91E4}.Debug|Any CPU.Build.0 = Debug|Any CPU
		{7851D3FC-5D58-401A-B11D-66945B6A91E4}.Staging|Any CPU.ActiveCfg = Debug|Any CPU
		{7851D3FC-5D58-401A-B11D-66945B6A91E4}.Release|Any CPU.ActiveCfg = Release|Any CPU
		{7851D3FC-5D58-401A-B11D-66945B6A91E4}.Release|Any CPU.Build.0 = Release|Any CPU
		{7851D3FC-5D58-401A-B11D-66945B6A91E4}.Dev|Any CPU.ActiveCfg = Debug|Any CPU
		{7851D3FC-5D58-401A-B11D-66945B6A91E4}.Stage|Any CPU.ActiveCfg = Debug|Any CPU
		{BBDBDC55-A3F2-4ACD-B467-00F90AFF9F49}.Testing|Any CPU.ActiveCfg = Debug|Any CPU
		{BBDBDC55-A3F2-4ACD-B467-00F90AFF9F49}.Local|Any CPU.ActiveCfg = Debug|Any CPU
		{BBDBDC55-A3F2-4ACD-B467-00F90AFF9F49}.Debug|Any CPU.ActiveCfg = Debug|Any CPU
		{BBDBDC55-A3F2-4ACD-B467-00F90AFF9F49}.Debug|Any CPU.Build.0 = Debug|Any CPU
		{BBDBDC55-A3F2-4ACD-B467-00F90AFF9F49}.Staging|Any CPU.ActiveCfg = Debug|Any CPU
		{BBDBDC55-A3F2-4ACD-B467-00F90AFF9F49}.Release|Any CPU.ActiveCfg = Release|Any CPU
		{BBDBDC55-A3F2-4ACD-B467-00F90AFF9F49}.Release|Any CPU.Build.0 = Release|Any CPU
		{BBDBDC55-A3F2-4ACD-B467-00F90AFF9F49}.Dev|Any CPU.ActiveCfg = Debug|Any CPU
		{BBDBDC55-A3F2-4ACD-B467-00F90AFF9F49}.Stage|Any CPU.ActiveCfg = Debug|Any CPU
		{C0BF26F4-308F-4DC8-95CE-50BFBAD413CB}.Testing|Any CPU.ActiveCfg = Debug|Any CPU
		{C0BF26F4-308F-4DC8-95CE-50BFBAD413CB}.Local|Any CPU.ActiveCfg = Debug|Any CPU
		{C0BF26F4-308F-4DC8-95CE-50BFBAD413CB}.Debug|Any CPU.ActiveCfg = Debug|Any CPU
		{C0BF26F4-308F-4DC8-95CE-50BFBAD413CB}.Debug|Any CPU.Build.0 = Debug|Any CPU
		{C0BF26F4-308F-4DC8-95CE-50BFBAD413CB}.Staging|Any CPU.ActiveCfg = Debug|Any CPU
		{C0BF26F4-308F-4DC8-95CE-50BFBAD413CB}.Release|Any CPU.ActiveCfg = Debug|Any CPU
		{C0BF26F4-308F-4DC8-95CE-50BFBAD413CB}.Dev|Any CPU.ActiveCfg = Debug|Any CPU
		{C0BF26F4-308F-4DC8-95CE-50BFBAD413CB}.Stage|Any CPU.ActiveCfg = Debug|Any CPU
		{229122C5-418A-49CF-887F-ED3E53A91F57}.Testing|Any CPU.ActiveCfg = Testing|Any CPU
		{229122C5-418A-49CF-887F-ED3E53A91F57}.Testing|Any CPU.Build.0 = Testing|Any CPU
		{229122C5-418A-49CF-887F-ED3E53A91F57}.Local|Any CPU.ActiveCfg = Local|Any CPU
		{229122C5-418A-49CF-887F-ED3E53A91F57}.Local|Any CPU.Build.0 = Local|Any CPU
		{229122C5-418A-49CF-887F-ED3E53A91F57}.Debug|Any CPU.ActiveCfg = Debug|Any CPU
		{229122C5-418A-49CF-887F-ED3E53A91F57}.Debug|Any CPU.Build.0 = Debug|Any CPU
		{229122C5-418A-49CF-887F-ED3E53A91F57}.Staging|Any CPU.ActiveCfg = Staging|Any CPU
		{229122C5-418A-49CF-887F-ED3E53A91F57}.Staging|Any CPU.Build.0 = Staging|Any CPU
		{229122C5-418A-49CF-887F-ED3E53A91F57}.Release|Any CPU.ActiveCfg = Release|Any CPU
		{229122C5-418A-49CF-887F-ED3E53A91F57}.Release|Any CPU.Build.0 = Release|Any CPU
		{229122C5-418A-49CF-887F-ED3E53A91F57}.Dev|Any CPU.ActiveCfg = Testing|Any CPU
		{229122C5-418A-49CF-887F-ED3E53A91F57}.Stage|Any CPU.ActiveCfg = Testing|Any CPU
		{3EA28364-CFB4-42A1-8783-6D332F7C8D83}.Testing|Any CPU.ActiveCfg = Testing|Any CPU
		{3EA28364-CFB4-42A1-8783-6D332F7C8D83}.Testing|Any CPU.Build.0 = Testing|Any CPU
		{3EA28364-CFB4-42A1-8783-6D332F7C8D83}.Local|Any CPU.ActiveCfg = Local|Any CPU
		{3EA28364-CFB4-42A1-8783-6D332F7C8D83}.Local|Any CPU.Build.0 = Local|Any CPU
		{3EA28364-CFB4-42A1-8783-6D332F7C8D83}.Debug|Any CPU.ActiveCfg = Debug|Any CPU
		{3EA28364-CFB4-42A1-8783-6D332F7C8D83}.Debug|Any CPU.Build.0 = Debug|Any CPU
		{3EA28364-CFB4-42A1-8783-6D332F7C8D83}.Staging|Any CPU.ActiveCfg = Staging|Any CPU
		{3EA28364-CFB4-42A1-8783-6D332F7C8D83}.Staging|Any CPU.Build.0 = Staging|Any CPU
		{3EA28364-CFB4-42A1-8783-6D332F7C8D83}.Release|Any CPU.ActiveCfg = Release|Any CPU
		{3EA28364-CFB4-42A1-8783-6D332F7C8D83}.Release|Any CPU.Build.0 = Release|Any CPU
		{3EA28364-CFB4-42A1-8783-6D332F7C8D83}.Dev|Any CPU.ActiveCfg = Testing|Any CPU
		{3EA28364-CFB4-42A1-8783-6D332F7C8D83}.Stage|Any CPU.ActiveCfg = Testing|Any CPU
		{5C359983-7899-417F-A9E2-90E82A8283F7}.Testing|Any CPU.ActiveCfg = Testing|Any CPU
		{5C359983-7899-417F-A9E2-90E82A8283F7}.Testing|Any CPU.Build.0 = Testing|Any CPU
		{5C359983-7899-417F-A9E2-90E82A8283F7}.Local|Any CPU.ActiveCfg = Local|Any CPU
		{5C359983-7899-417F-A9E2-90E82A8283F7}.Local|Any CPU.Build.0 = Local|Any CPU
		{5C359983-7899-417F-A9E2-90E82A8283F7}.Debug|Any CPU.ActiveCfg = Debug|Any CPU
		{5C359983-7899-417F-A9E2-90E82A8283F7}.Debug|Any CPU.Build.0 = Debug|Any CPU
		{5C359983-7899-417F-A9E2-90E82A8283F7}.Staging|Any CPU.ActiveCfg = Staging|Any CPU
		{5C359983-7899-417F-A9E2-90E82A8283F7}.Staging|Any CPU.Build.0 = Staging|Any CPU
		{5C359983-7899-417F-A9E2-90E82A8283F7}.Release|Any CPU.ActiveCfg = Release|Any CPU
		{5C359983-7899-417F-A9E2-90E82A8283F7}.Release|Any CPU.Build.0 = Release|Any CPU
		{5C359983-7899-417F-A9E2-90E82A8283F7}.Dev|Any CPU.ActiveCfg = Dev|Any CPU
		{5C359983-7899-417F-A9E2-90E82A8283F7}.Dev|Any CPU.Build.0 = Dev|Any CPU
		{5C359983-7899-417F-A9E2-90E82A8283F7}.Stage|Any CPU.ActiveCfg = Stage|Any CPU
		{5C359983-7899-417F-A9E2-90E82A8283F7}.Stage|Any CPU.Build.0 = Stage|Any CPU
		{1B807CF5-A72E-43CF-8A2B-2C00F5E4782E}.Testing|Any CPU.ActiveCfg = Testing|Any CPU
		{1B807CF5-A72E-43CF-8A2B-2C00F5E4782E}.Testing|Any CPU.Build.0 = Testing|Any CPU
		{1B807CF5-A72E-43CF-8A2B-2C00F5E4782E}.Local|Any CPU.ActiveCfg = Local|Any CPU
		{1B807CF5-A72E-43CF-8A2B-2C00F5E4782E}.Local|Any CPU.Build.0 = Local|Any CPU
		{1B807CF5-A72E-43CF-8A2B-2C00F5E4782E}.Debug|Any CPU.ActiveCfg = Debug|Any CPU
		{1B807CF5-A72E-43CF-8A2B-2C00F5E4782E}.Debug|Any CPU.Build.0 = Debug|Any CPU
		{1B807CF5-A72E-43CF-8A2B-2C00F5E4782E}.Staging|Any CPU.ActiveCfg = Staging|Any CPU
		{1B807CF5-A72E-43CF-8A2B-2C00F5E4782E}.Staging|Any CPU.Build.0 = Staging|Any CPU
		{1B807CF5-A72E-43CF-8A2B-2C00F5E4782E}.Release|Any CPU.ActiveCfg = Release|Any CPU
		{1B807CF5-A72E-43CF-8A2B-2C00F5E4782E}.Release|Any CPU.Build.0 = Release|Any CPU
		{1B807CF5-A72E-43CF-8A2B-2C00F5E4782E}.Dev|Any CPU.ActiveCfg = Testing|Any CPU
		{1B807CF5-A72E-43CF-8A2B-2C00F5E4782E}.Stage|Any CPU.ActiveCfg = Testing|Any CPU
		{4E2E6CE2-1E9C-4FF3-B441-A3498EF732E8}.Testing|Any CPU.ActiveCfg = Testing|Any CPU
		{4E2E6CE2-1E9C-4FF3-B441-A3498EF732E8}.Testing|Any CPU.Build.0 = Testing|Any CPU
		{4E2E6CE2-1E9C-4FF3-B441-A3498EF732E8}.Local|Any CPU.ActiveCfg = Local|Any CPU
		{4E2E6CE2-1E9C-4FF3-B441-A3498EF732E8}.Local|Any CPU.Build.0 = Local|Any CPU
		{4E2E6CE2-1E9C-4FF3-B441-A3498EF732E8}.Debug|Any CPU.ActiveCfg = Debug|Any CPU
		{4E2E6CE2-1E9C-4FF3-B441-A3498EF732E8}.Debug|Any CPU.Build.0 = Debug|Any CPU
		{4E2E6CE2-1E9C-4FF3-B441-A3498EF732E8}.Staging|Any CPU.ActiveCfg = Staging|Any CPU
		{4E2E6CE2-1E9C-4FF3-B441-A3498EF732E8}.Staging|Any CPU.Build.0 = Staging|Any CPU
		{4E2E6CE2-1E9C-4FF3-B441-A3498EF732E8}.Release|Any CPU.ActiveCfg = Release|Any CPU
		{4E2E6CE2-1E9C-4FF3-B441-A3498EF732E8}.Release|Any CPU.Build.0 = Release|Any CPU
		{4E2E6CE2-1E9C-4FF3-B441-A3498EF732E8}.Dev|Any CPU.ActiveCfg = Testing|Any CPU
		{4E2E6CE2-1E9C-4FF3-B441-A3498EF732E8}.Stage|Any CPU.ActiveCfg = Testing|Any CPU
		{B95672B4-B149-4DEA-A571-184D0B9D5C7A}.Testing|Any CPU.ActiveCfg = Testing|Any CPU
		{B95672B4-B149-4DEA-A571-184D0B9D5C7A}.Testing|Any CPU.Build.0 = Testing|Any CPU
		{B95672B4-B149-4DEA-A571-184D0B9D5C7A}.Local|Any CPU.ActiveCfg = Local|Any CPU
		{B95672B4-B149-4DEA-A571-184D0B9D5C7A}.Local|Any CPU.Build.0 = Local|Any CPU
		{B95672B4-B149-4DEA-A571-184D0B9D5C7A}.Debug|Any CPU.ActiveCfg = Debug|Any CPU
		{B95672B4-B149-4DEA-A571-184D0B9D5C7A}.Debug|Any CPU.Build.0 = Debug|Any CPU
		{B95672B4-B149-4DEA-A571-184D0B9D5C7A}.Staging|Any CPU.ActiveCfg = Staging|Any CPU
		{B95672B4-B149-4DEA-A571-184D0B9D5C7A}.Staging|Any CPU.Build.0 = Staging|Any CPU
		{B95672B4-B149-4DEA-A571-184D0B9D5C7A}.Release|Any CPU.ActiveCfg = Release|Any CPU
		{B95672B4-B149-4DEA-A571-184D0B9D5C7A}.Release|Any CPU.Build.0 = Release|Any CPU
		{B95672B4-B149-4DEA-A571-184D0B9D5C7A}.Dev|Any CPU.ActiveCfg = Testing|Any CPU
		{B95672B4-B149-4DEA-A571-184D0B9D5C7A}.Stage|Any CPU.ActiveCfg = Testing|Any CPU
		{512E4C25-B6F0-45E2-BC63-91947EF33637}.Testing|Any CPU.ActiveCfg = Testing|Any CPU
		{512E4C25-B6F0-45E2-BC63-91947EF33637}.Testing|Any CPU.Build.0 = Testing|Any CPU
		{512E4C25-B6F0-45E2-BC63-91947EF33637}.Local|Any CPU.ActiveCfg = Local|Any CPU
		{512E4C25-B6F0-45E2-BC63-91947EF33637}.Local|Any CPU.Build.0 = Local|Any CPU
		{512E4C25-B6F0-45E2-BC63-91947EF33637}.Debug|Any CPU.ActiveCfg = Debug|Any CPU
		{512E4C25-B6F0-45E2-BC63-91947EF33637}.Debug|Any CPU.Build.0 = Debug|Any CPU
		{512E4C25-B6F0-45E2-BC63-91947EF33637}.Staging|Any CPU.ActiveCfg = Staging|Any CPU
		{512E4C25-B6F0-45E2-BC63-91947EF33637}.Staging|Any CPU.Build.0 = Staging|Any CPU
		{512E4C25-B6F0-45E2-BC63-91947EF33637}.Release|Any CPU.ActiveCfg = Release|Any CPU
		{512E4C25-B6F0-45E2-BC63-91947EF33637}.Release|Any CPU.Build.0 = Release|Any CPU
		{512E4C25-B6F0-45E2-BC63-91947EF33637}.Dev|Any CPU.ActiveCfg = Testing|Any CPU
		{512E4C25-B6F0-45E2-BC63-91947EF33637}.Stage|Any CPU.ActiveCfg = Testing|Any CPU
		{F6187AAE-6D2D-421B-92E7-6AF9FD561916}.Testing|Any CPU.ActiveCfg = Testing|Any CPU
		{F6187AAE-6D2D-421B-92E7-6AF9FD561916}.Testing|Any CPU.Build.0 = Testing|Any CPU
		{F6187AAE-6D2D-421B-92E7-6AF9FD561916}.Local|Any CPU.ActiveCfg = Local|Any CPU
		{F6187AAE-6D2D-421B-92E7-6AF9FD561916}.Local|Any CPU.Build.0 = Local|Any CPU
		{F6187AAE-6D2D-421B-92E7-6AF9FD561916}.Debug|Any CPU.ActiveCfg = Debug|Any CPU
		{F6187AAE-6D2D-421B-92E7-6AF9FD561916}.Debug|Any CPU.Build.0 = Debug|Any CPU
		{F6187AAE-6D2D-421B-92E7-6AF9FD561916}.Staging|Any CPU.ActiveCfg = Staging|Any CPU
		{F6187AAE-6D2D-421B-92E7-6AF9FD561916}.Staging|Any CPU.Build.0 = Staging|Any CPU
		{F6187AAE-6D2D-421B-92E7-6AF9FD561916}.Release|Any CPU.ActiveCfg = Release|Any CPU
		{F6187AAE-6D2D-421B-92E7-6AF9FD561916}.Release|Any CPU.Build.0 = Release|Any CPU
		{F6187AAE-6D2D-421B-92E7-6AF9FD561916}.Dev|Any CPU.ActiveCfg = Testing|Any CPU
		{F6187AAE-6D2D-421B-92E7-6AF9FD561916}.Stage|Any CPU.ActiveCfg = Testing|Any CPU
		{1E53DC41-AEED-4B9B-AFE3-906632C87AE9}.Testing|Any CPU.ActiveCfg = Testing|Any CPU
		{1E53DC41-AEED-4B9B-AFE3-906632C87AE9}.Testing|Any CPU.Build.0 = Testing|Any CPU
		{1E53DC41-AEED-4B9B-AFE3-906632C87AE9}.Local|Any CPU.ActiveCfg = Local|Any CPU
		{1E53DC41-AEED-4B9B-AFE3-906632C87AE9}.Local|Any CPU.Build.0 = Local|Any CPU
		{1E53DC41-AEED-4B9B-AFE3-906632C87AE9}.Debug|Any CPU.ActiveCfg = Debug|Any CPU
		{1E53DC41-AEED-4B9B-AFE3-906632C87AE9}.Debug|Any CPU.Build.0 = Debug|Any CPU
		{1E53DC41-AEED-4B9B-AFE3-906632C87AE9}.Staging|Any CPU.ActiveCfg = Staging|Any CPU
		{1E53DC41-AEED-4B9B-AFE3-906632C87AE9}.Staging|Any CPU.Build.0 = Staging|Any CPU
		{1E53DC41-AEED-4B9B-AFE3-906632C87AE9}.Release|Any CPU.ActiveCfg = Release|Any CPU
		{1E53DC41-AEED-4B9B-AFE3-906632C87AE9}.Release|Any CPU.Build.0 = Release|Any CPU
		{1E53DC41-AEED-4B9B-AFE3-906632C87AE9}.Dev|Any CPU.ActiveCfg = Testing|Any CPU
		{1E53DC41-AEED-4B9B-AFE3-906632C87AE9}.Stage|Any CPU.ActiveCfg = Testing|Any CPU
		{87F1D719-AAC3-44DC-8B63-AFA5D4CB484A}.Testing|Any CPU.ActiveCfg = Testing|Any CPU
		{87F1D719-AAC3-44DC-8B63-AFA5D4CB484A}.Testing|Any CPU.Build.0 = Testing|Any CPU
		{87F1D719-AAC3-44DC-8B63-AFA5D4CB484A}.Local|Any CPU.ActiveCfg = Local|Any CPU
		{87F1D719-AAC3-44DC-8B63-AFA5D4CB484A}.Local|Any CPU.Build.0 = Local|Any CPU
		{87F1D719-AAC3-44DC-8B63-AFA5D4CB484A}.Debug|Any CPU.ActiveCfg = Debug|Any CPU
		{87F1D719-AAC3-44DC-8B63-AFA5D4CB484A}.Debug|Any CPU.Build.0 = Debug|Any CPU
		{87F1D719-AAC3-44DC-8B63-AFA5D4CB484A}.Staging|Any CPU.ActiveCfg = Staging|Any CPU
		{87F1D719-AAC3-44DC-8B63-AFA5D4CB484A}.Staging|Any CPU.Build.0 = Staging|Any CPU
		{87F1D719-AAC3-44DC-8B63-AFA5D4CB484A}.Release|Any CPU.ActiveCfg = Release|Any CPU
		{87F1D719-AAC3-44DC-8B63-AFA5D4CB484A}.Release|Any CPU.Build.0 = Release|Any CPU
		{87F1D719-AAC3-44DC-8B63-AFA5D4CB484A}.Dev|Any CPU.ActiveCfg = Testing|Any CPU
		{87F1D719-AAC3-44DC-8B63-AFA5D4CB484A}.Stage|Any CPU.ActiveCfg = Testing|Any CPU
		{36F1BBA9-06AB-4DA2-A8B0-AAFE224B235A}.Testing|Any CPU.ActiveCfg = Testing|Any CPU
		{36F1BBA9-06AB-4DA2-A8B0-AAFE224B235A}.Testing|Any CPU.Build.0 = Testing|Any CPU
		{36F1BBA9-06AB-4DA2-A8B0-AAFE224B235A}.Local|Any CPU.ActiveCfg = Local|Any CPU
		{36F1BBA9-06AB-4DA2-A8B0-AAFE224B235A}.Local|Any CPU.Build.0 = Local|Any CPU
		{36F1BBA9-06AB-4DA2-A8B0-AAFE224B235A}.Debug|Any CPU.ActiveCfg = Debug|Any CPU
		{36F1BBA9-06AB-4DA2-A8B0-AAFE224B235A}.Debug|Any CPU.Build.0 = Debug|Any CPU
		{36F1BBA9-06AB-4DA2-A8B0-AAFE224B235A}.Staging|Any CPU.ActiveCfg = Staging|Any CPU
		{36F1BBA9-06AB-4DA2-A8B0-AAFE224B235A}.Staging|Any CPU.Build.0 = Staging|Any CPU
		{36F1BBA9-06AB-4DA2-A8B0-AAFE224B235A}.Release|Any CPU.ActiveCfg = Release|Any CPU
		{36F1BBA9-06AB-4DA2-A8B0-AAFE224B235A}.Release|Any CPU.Build.0 = Release|Any CPU
		{36F1BBA9-06AB-4DA2-A8B0-AAFE224B235A}.Dev|Any CPU.ActiveCfg = Testing|Any CPU
		{36F1BBA9-06AB-4DA2-A8B0-AAFE224B235A}.Stage|Any CPU.ActiveCfg = Testing|Any CPU
		{36D6381A-AA3E-496B-A057-DBEA5326844C}.Testing|Any CPU.ActiveCfg = Testing|Any CPU
		{36D6381A-AA3E-496B-A057-DBEA5326844C}.Testing|Any CPU.Build.0 = Testing|Any CPU
		{36D6381A-AA3E-496B-A057-DBEA5326844C}.Local|Any CPU.ActiveCfg = Local|Any CPU
		{36D6381A-AA3E-496B-A057-DBEA5326844C}.Local|Any CPU.Build.0 = Local|Any CPU
		{36D6381A-AA3E-496B-A057-DBEA5326844C}.Debug|Any CPU.ActiveCfg = Debug|Any CPU
		{36D6381A-AA3E-496B-A057-DBEA5326844C}.Debug|Any CPU.Build.0 = Debug|Any CPU
		{36D6381A-AA3E-496B-A057-DBEA5326844C}.Staging|Any CPU.ActiveCfg = Staging|Any CPU
		{36D6381A-AA3E-496B-A057-DBEA5326844C}.Staging|Any CPU.Build.0 = Staging|Any CPU
		{36D6381A-AA3E-496B-A057-DBEA5326844C}.Release|Any CPU.ActiveCfg = Release|Any CPU
		{36D6381A-AA3E-496B-A057-DBEA5326844C}.Release|Any CPU.Build.0 = Release|Any CPU
		{36D6381A-AA3E-496B-A057-DBEA5326844C}.Dev|Any CPU.ActiveCfg = Testing|Any CPU
		{36D6381A-AA3E-496B-A057-DBEA5326844C}.Stage|Any CPU.ActiveCfg = Testing|Any CPU
		{5B0D9EA0-C6EE-4377-ABE2-ED623692A6C0}.Testing|Any CPU.ActiveCfg = Testing|Any CPU
		{5B0D9EA0-C6EE-4377-ABE2-ED623692A6C0}.Testing|Any CPU.Build.0 = Testing|Any CPU
		{5B0D9EA0-C6EE-4377-ABE2-ED623692A6C0}.Local|Any CPU.ActiveCfg = Local|Any CPU
		{5B0D9EA0-C6EE-4377-ABE2-ED623692A6C0}.Local|Any CPU.Build.0 = Local|Any CPU
		{5B0D9EA0-C6EE-4377-ABE2-ED623692A6C0}.Debug|Any CPU.ActiveCfg = Debug|Any CPU
		{5B0D9EA0-C6EE-4377-ABE2-ED623692A6C0}.Debug|Any CPU.Build.0 = Debug|Any CPU
		{5B0D9EA0-C6EE-4377-ABE2-ED623692A6C0}.Staging|Any CPU.ActiveCfg = Staging|Any CPU
		{5B0D9EA0-C6EE-4377-ABE2-ED623692A6C0}.Staging|Any CPU.Build.0 = Staging|Any CPU
		{5B0D9EA0-C6EE-4377-ABE2-ED623692A6C0}.Release|Any CPU.ActiveCfg = Release|Any CPU
		{5B0D9EA0-C6EE-4377-ABE2-ED623692A6C0}.Release|Any CPU.Build.0 = Release|Any CPU
		{5B0D9EA0-C6EE-4377-ABE2-ED623692A6C0}.Dev|Any CPU.ActiveCfg = Testing|Any CPU
		{5B0D9EA0-C6EE-4377-ABE2-ED623692A6C0}.Stage|Any CPU.ActiveCfg = Testing|Any CPU
		{AE364651-3BC6-4F4F-BA0A-49892DA5CBF8}.Testing|Any CPU.ActiveCfg = Testing|Any CPU
		{AE364651-3BC6-4F4F-BA0A-49892DA5CBF8}.Testing|Any CPU.Build.0 = Testing|Any CPU
		{AE364651-3BC6-4F4F-BA0A-49892DA5CBF8}.Local|Any CPU.ActiveCfg = Local|Any CPU
		{AE364651-3BC6-4F4F-BA0A-49892DA5CBF8}.Local|Any CPU.Build.0 = Local|Any CPU
		{AE364651-3BC6-4F4F-BA0A-49892DA5CBF8}.Debug|Any CPU.ActiveCfg = Debug|Any CPU
		{AE364651-3BC6-4F4F-BA0A-49892DA5CBF8}.Debug|Any CPU.Build.0 = Debug|Any CPU
		{AE364651-3BC6-4F4F-BA0A-49892DA5CBF8}.Staging|Any CPU.ActiveCfg = Staging|Any CPU
		{AE364651-3BC6-4F4F-BA0A-49892DA5CBF8}.Staging|Any CPU.Build.0 = Staging|Any CPU
		{AE364651-3BC6-4F4F-BA0A-49892DA5CBF8}.Release|Any CPU.ActiveCfg = Release|Any CPU
		{AE364651-3BC6-4F4F-BA0A-49892DA5CBF8}.Release|Any CPU.Build.0 = Release|Any CPU
		{AE364651-3BC6-4F4F-BA0A-49892DA5CBF8}.Dev|Any CPU.ActiveCfg = Testing|Any CPU
		{AE364651-3BC6-4F4F-BA0A-49892DA5CBF8}.Stage|Any CPU.ActiveCfg = Testing|Any CPU
	EndGlobalSection
	GlobalSection(SolutionProperties) = preSolution
		HideSolutionNode = FALSE
	EndGlobalSection
	GlobalSection(NestedProjects) = preSolution
		{4FD2B39F-015C-46F3-8694-45CE59122ABE} = {93C912BD-6BAC-4339-947C-AD5E8843DB24}
		{516BC1BE-0A40-408D-A7CD-ABA9AE37E9BC} = {93C912BD-6BAC-4339-947C-AD5E8843DB24}
		{8E0D5520-221C-468E-8F6E-21CE4F8ACB5A} = {93C912BD-6BAC-4339-947C-AD5E8843DB24}
		{1224739A-4F29-4BE2-B736-A9EA290BB5DE} = {93C912BD-6BAC-4339-947C-AD5E8843DB24}
		{75C64B5C-C5D6-4E1B-878A-966308DC9A72} = {93C912BD-6BAC-4339-947C-AD5E8843DB24}
		{56B8585E-07A8-48AA-8685-5422AB2E379C} = {93C912BD-6BAC-4339-947C-AD5E8843DB24}
		{369565A7-379A-4BA7-9E40-5E42D60186B0} = {93C912BD-6BAC-4339-947C-AD5E8843DB24}
		{E6DE9FB1-337B-4ABB-8B66-274E2F107001} = {93C912BD-6BAC-4339-947C-AD5E8843DB24}
		{B73E5EB9-1601-4813-995B-84981572F86B} = {93C912BD-6BAC-4339-947C-AD5E8843DB24}
		{F73413C4-A250-49AB-B6A5-C86CBB01B7EE} = {93C912BD-6BAC-4339-947C-AD5E8843DB24}
		{90848E36-A0E5-4EFD-9089-ECF12EFF0639} = {93C912BD-6BAC-4339-947C-AD5E8843DB24}
		{5700B997-8EA5-42ED-ACB0-999A32844CCA} = {93C912BD-6BAC-4339-947C-AD5E8843DB24}
		{46AD76CB-D41D-4203-A8DD-A0DF0E35DC10} = {93C912BD-6BAC-4339-947C-AD5E8843DB24}
		{58193697-D29D-4489-BB2A-8D59E64E9C6E} = {93C912BD-6BAC-4339-947C-AD5E8843DB24}
		{27F2064F-2943-484E-8620-BCF3E012C7E5} = {93C912BD-6BAC-4339-947C-AD5E8843DB24}
		{1937A387-3C5F-400B-96A2-C1A7AC765898} = {93C912BD-6BAC-4339-947C-AD5E8843DB24}
		{3867B9E0-A076-4E32-BA4D-C2B51576C667} = {93C912BD-6BAC-4339-947C-AD5E8843DB24}
		{1B680FA8-4BD6-4CA1-9B8B-C989B8A49462} = {93C912BD-6BAC-4339-947C-AD5E8843DB24}
		{684D9305-1E11-4F0C-BB36-EC92640DB5CC} = {93C912BD-6BAC-4339-947C-AD5E8843DB24}
		{7DF30D22-BF5C-444A-AA01-184075C542A2} = {93C912BD-6BAC-4339-947C-AD5E8843DB24}
		{BD70CF78-5E7C-44B2-9E7E-48D6BE1FC349} = {93C912BD-6BAC-4339-947C-AD5E8843DB24}
		{5B0D9EA0-C6EE-4377-ABE2-ED623692A6C0} = {93C912BD-6BAC-4339-947C-AD5E8843DB24}
		{D3736C50-12ED-4A84-B69A-2D5995243200} = {67580069-F369-4D09-9489-688047AF58C7}
		{229122C5-418A-49CF-887F-ED3E53A91F57} = {4C1E8A0A-E7C5-4862-AF12-80D12E4ECDB2}
		{3EA28364-CFB4-42A1-8783-6D332F7C8D83} = {4C1E8A0A-E7C5-4862-AF12-80D12E4ECDB2}
		{5C359983-7899-417F-A9E2-90E82A8283F7} = {4C1E8A0A-E7C5-4862-AF12-80D12E4ECDB2}
		{1B807CF5-A72E-43CF-8A2B-2C00F5E4782E} = {740A1E61-AD62-40D7-8639-A4F5C72CCEC2}
		{4E2E6CE2-1E9C-4FF3-B441-A3498EF732E8} = {EA07E841-DD3C-4771-AF68-164A0B7367A8}
		{B95672B4-B149-4DEA-A571-184D0B9D5C7A} = {EA07E841-DD3C-4771-AF68-164A0B7367A8}
		{512E4C25-B6F0-45E2-BC63-91947EF33637} = {EA07E841-DD3C-4771-AF68-164A0B7367A8}
		{1E53DC41-AEED-4B9B-AFE3-906632C87AE9} = {EA07E841-DD3C-4771-AF68-164A0B7367A8}
		{87F1D719-AAC3-44DC-8B63-AFA5D4CB484A} = {EA07E841-DD3C-4771-AF68-164A0B7367A8}
		{F6187AAE-6D2D-421B-92E7-6AF9FD561916} = {D3B1F8EC-F455-4527-BE84-E7D025939AA6}
		{36F1BBA9-06AB-4DA2-A8B0-AAFE224B235A} = {EE1A79B2-5C42-4D67-9E06-9DF3511CF9B3}
		{36D6381A-AA3E-496B-A057-DBEA5326844C} = {EE1A79B2-5C42-4D67-9E06-9DF3511CF9B3}
	EndGlobalSection
	GlobalSection(ExtensibilityGlobals) = postSolution
		SolutionGuid = {662485C5-E3A4-4345-8F55-70A60B51FEFD}
	EndGlobalSection
EndGlobal
