Microsoft Visual Studio Solution File, Format Version 12.00
Project("{76EAAFAD-9FDA-4299-B582-8E3C4CED5A18}") = "RestoreCommonFiles", "RestoreCommonFiles.restoreproj", "{FFF9FAF1-E9E5-4F54-9F70-B3C5C7D9C7A6}"
EndProject
Project("{76EAAFAD-9FDA-4299-B582-8E3C4CED5A18}") = "RestoreCommonFiles", "src\dotnet-search\RestoreCommonFiles.restoreproj", "{43CAB9DB-D654-430A-B99F-94D19DAB6EB1}"
EndProject
Project("{9A19103F-16F7-4668-BE54-9A1E7A4F7556}") = "dotnet-search", "src\dotnet-search\src\dotnet-search\dotnet-search.csproj", "{B2A216B9-41FD-444B-ACE4-BE8A007310AC}"
EndProject
Project("{9A19103F-16F7-4668-BE54-9A1E7A4F7556}") = "dotnet-search-test", "src\dotnet-search\test\dotnet-search-test\dotnet-search-test.csproj", "{B5A26243-5C9A-4D08-82B1-B28074811BAF}"
EndProject
Project("{34EAC930-E0CA-420B-BD8C-86042DD9E676}") = "EntityFrameworkCore", "src\EntityFrameworkCore\EntityFrameworkCore.slnproj", "{9CF27D10-1D21-4009-BD17-94AA1C480057}"
EndProject
Project("{76EAAFAD-9FDA-4299-B582-8E3C4CED5A18}") = "RestoreSharedFiles", "src\EntityFrameworkCore\RestoreSharedFiles.restoreproj", "{8A18883B-E70F-425D-A9E7-EEDA1D0FCF2B}"
EndProject
Project("{9A19103F-16F7-4668-BE54-9A1E7A4F7556}") = "Abstractions", "src\EntityFrameworkCore\src\Abstractions\Abstractions.csproj", "{B80D88F1-66B8-441C-BCF9-D8C8D17AEEA1}"
EndProject
Project("{9A19103F-16F7-4668-BE54-9A1E7A4F7556}") = "Constants", "src\EntityFrameworkCore\src\Constants\Constants.csproj", "{C26B7980-F57C-4CE1-B61C-CC452D73FCC4}"
EndProject
Project("{9A19103F-16F7-4668-BE54-9A1E7A4F7556}") = "Extensions", "src\EntityFrameworkCore\src\Extensions\Extensions.csproj", "{2CCB2115-4929-4102-956C-8EB02ED0A4FB}"
EndProject
Project("{9A19103F-16F7-4668-BE54-9A1E7A4F7556}") = "Include", "src\MSBuild.Sdks\Include.includeproj", "{3B4CC35E-E1A8-4205-8273-4901C8C60D26}"
EndProject
Project("{76EAAFAD-9FDA-4299-B582-8E3C4CED5A18}") = "RestoreCommonFiles", "src\MSBuild.Sdks\RestoreCommonFiles.restoreproj", "{EB291AAC-9754-499B-B11B-26D99A81D2E4}"
EndProject
Project("{DCDA4A0A-0A5E-4522-B6C4-80513D0753CD}") = "AnyOf", "src\MSBuild.Sdks\src\JustinWritesCode.Usings\AnyOf.usings", "{F41EECE2-871B-436C-B3C8-3591F69E3B4D}"
EndProject
Project("{DCDA4A0A-0A5E-4522-B6C4-80513D0753CD}") = "AzureFunctions", "src\MSBuild.Sdks\src\JustinWritesCode.Usings\AzureFunctions.usings", "{D8CA10A8-733D-4A43-98CA-A252F2279F77}"
EndProject
Project("{34EAC930-E0CA-420B-BD8C-86042DD9E676}") = "JustinWritesCode.Usings", "src\MSBuild.Sdks\src\JustinWritesCode.Usings\JustinWritesCode.Usings.slnproj", "{A5E55E5A-5FDC-487A-B2D4-D73BDF507541}"
EndProject
Project("{DCDA4A0A-0A5E-4522-B6C4-80513D0753CD}") = "Microsoft.EntityFrameworkCore", "src\MSBuild.Sdks\src\JustinWritesCode.Usings\Microsoft.EntityFrameworkCore.usings", "{4D7FEFCC-9EC4-43F7-BF62-0292596C299B}"
EndProject
Project("{FF286327-C783-4F7A-AB73-9BCBAD0D4460}") = "Microsoft.Extensions.Configuration.All.Usings", "src\MSBuild.Sdks\src\JustinWritesCode.Usings\Microsoft.Extensions.Configuration.All.Usings.nuproj", "{21F7A94A-74A2-47BB-A41D-8DA89EF0C7F3}"
EndProject
Project("{DCDA4A0A-0A5E-4522-B6C4-80513D0753CD}") = "System.All", "src\MSBuild.Sdks\src\JustinWritesCode.Usings\System.All.usings", "{868992D2-599E-48D0-8EA7-8AC51116E612}"
EndProject
Project("{DCDA4A0A-0A5E-4522-B6C4-80513D0753CD}") = "System.Collections.Generic", "src\MSBuild.Sdks\src\JustinWritesCode.Usings\System.Collections.Generic.usings", "{03C3B272-5832-4B1B-B890-DDC2D0355DA0}"
EndProject
Project("{DCDA4A0A-0A5E-4522-B6C4-80513D0753CD}") = "System.Collections.ObjectModel", "src\MSBuild.Sdks\src\JustinWritesCode.Usings\System.Collections.ObjectModel.usings", "{AF34FD5B-52BC-40C8-B4C3-36C4704DF61B}"
EndProject
Project("{DCDA4A0A-0A5E-4522-B6C4-80513D0753CD}") = "System.Collections", "src\MSBuild.Sdks\src\JustinWritesCode.Usings\System.Collections.usings", "{7575BB8C-F425-4989-BB80-4E44673D3CD2}"
EndProject
Project("{DCDA4A0A-0A5E-4522-B6C4-80513D0753CD}") = "System.Security", "src\MSBuild.Sdks\src\JustinWritesCode.Usings\System.Security.usings", "{354CC185-81D4-4D6B-904B-F2225D174200}"
EndProject
Project("{DCDA4A0A-0A5E-4522-B6C4-80513D0753CD}") = "System.Threading.Tasks", "src\MSBuild.Sdks\src\JustinWritesCode.Usings\System.Threading.Tasks.usings", "{8279F205-78CC-4E3B-8B55-98997892A724}"
EndProject
Project("{DCDA4A0A-0A5E-4522-B6C4-80513D0753CD}") = "System", "src\MSBuild.Sdks\src\JustinWritesCode.Usings\System.usings", "{BEB4B84A-0BAF-49DE-B397-98A1BCFC2F43}"
EndProject
Project("{9A19103F-16F7-4668-BE54-9A1E7A4F7556}") = "MSBuild.IncludeSdk", "src\MSBuild.Sdks\src\MSBuild.IncludeSdk\MSBuild.IncludeSdk.csproj", "{D148A236-FD68-4321-855D-44454A4484F8}"
EndProject
Project("{9A19103F-16F7-4668-BE54-9A1E7A4F7556}") = "MSBuild.UsingsSdk", "src\MSBuild.Sdks\src\MSBuild.UsingsSdk\MSBuild.UsingsSdk.csproj", "{50F45B71-9AF1-424B-8A9E-C5E967CCB839}"
EndProject
Project("{9A19103F-16F7-4668-BE54-9A1E7A4F7556}") = "MSBuild.UsingsSdk.Tests", "src\MSBuild.Sdks\tests\MSBuild.UsingsSdk.Tests\MSBuild.UsingsSdk.Tests.csproj", "{F7900E3D-4D83-4620-BB11-D5C06559F0D4}"
EndProject
Project("{76EAAFAD-9FDA-4299-B582-8E3C4CED5A18}") = "RestoreCommonFiles", "src\nuget-icons\RestoreCommonFiles.restoreproj", "{BEAF785F-439E-4A93-9CED-1FC54BDBFEA4}"
EndProject
Project("{9A19103F-16F7-4668-BE54-9A1E7A4F7556}") = "nuget-icons", "src\nuget-icons\src\nuget-icons\nuget-icons.csproj", "{4C65A89A-31FE-47C5-91AB-B3B139BB6746}"
EndProject
Project("{9A19103F-16F7-4668-BE54-9A1E7A4F7556}") = "nuget-icons-test", "src\nuget-icons\tests\nuget-icons-test\nuget-icons-test.csproj", "{81F5DE17-F3D8-4591-A46F-540CAA521788}"
EndProject
Project("{76EAAFAD-9FDA-4299-B582-8E3C4CED5A18}") = "RestoreCommonFiles", "src\Types\RestoreCommonFiles.restoreproj", "{C64A277B-11C8-42AC-893F-915EB7150787}"
EndProject
Project("{9A19103F-16F7-4668-BE54-9A1E7A4F7556}") = "JustinWritesCode.Abstractions", "src\Types\src\Core\Abstractions\JustinWritesCode.Abstractions.csproj", "{6E2B26D2-90C3-4163-90B8-5B0AA4B996A8}"
EndProject
Project("{9A19103F-16F7-4668-BE54-9A1E7A4F7556}") = "JustinWritesCode.ComponentModel", "src\Types\src\Core\ComponentModel\JustinWritesCode.ComponentModel.csproj", "{7CFE2F02-7D4F-4267-8B8E-2FF231C62A8F}"
EndProject
Project("{34EAC930-E0CA-420B-BD8C-86042DD9E676}") = "JustinWritesCode.Types.Core", "src\Types\src\Core\JustinWritesCode.Types.Core.slnproj", "{2D6BBF2E-977C-42A3-ADAE-03AF3C89744E}"
EndProject
Project("{9A19103F-16F7-4668-BE54-9A1E7A4F7556}") = "JustinWritesCode.Domain", "src\Types\src\Domain\JustinWritesCode.Domain.csproj", "{82BE5153-846E-474A-A17C-5FD7DCFC3BA9}"
EndProject
Project("{9A19103F-16F7-4668-BE54-9A1E7A4F7556}") = "JustinWritesCode.Enumerations.CodeGeneration", "src\Types\src\Enumerations\CodeGeneration\JustinWritesCode.Enumerations.CodeGeneration.csproj", "{882CE93C-4850-410E-8902-5587C34CEC86}"
EndProject
Project("{9A19103F-16F7-4668-BE54-9A1E7A4F7556}") = "JustinWritesCode.Enumerations.Enumeration", "src\Types\src\Enumerations\Enumeration\JustinWritesCode.Enumerations.Enumeration.csproj", "{57423B1A-8A37-472B-B0F1-72A65A9CD06C}"
EndProject
Project("{9A19103F-16F7-4668-BE54-9A1E7A4F7556}") = "JustinWritesCode.Enumerations.EnumsTests", "src\Types\src\Enumerations\EnumerationsTests\JustinWritesCode.Enumerations.EnumsTests.csproj", "{D20899C7-AE0A-4FDA-A797-8D34A5771384}"
EndProject
Project("{9A19103F-16F7-4668-BE54-9A1E7A4F7556}") = "JustinWritesCode.Enums", "src\Types\src\Enumerations\Enums\JustinWritesCode.Enums.csproj", "{39857115-8A41-4334-A703-2FC04A8C0CD4}"
EndProject
Project("{9A19103F-16F7-4668-BE54-9A1E7A4F7556}") = "JustinWritesCode.Enumerations", "src\Types\src\Enumerations\JustinWritesCode.Enumerations.csproj", "{F5044C3D-B6C5-4C71-B4EB-E41F57A4443D}"
EndProject
Project("{9A19103F-16F7-4668-BE54-9A1E7A4F7556}") = "JustinWritesCode.Extensions", "src\Types\src\Extensions\JustinWritesCode.Extensions.csproj", "{3C5065D2-0656-4FBD-B4C2-49968E0228AA}"
EndProject
Project("{9A19103F-16F7-4668-BE54-9A1E7A4F7556}") = "JustinWritesCode.Http.Extensions", "src\Types\src\Http\Extensions\JustinWritesCode.Http.Extensions.csproj", "{1787DE6D-A7A9-4175-971F-E180E598D981}"
EndProject
Project("{9A19103F-16F7-4668-BE54-9A1E7A4F7556}") = "JustinWritesCode.Payloads", "src\Types\src\Payloads\JustinWritesCode.Payloads.csproj", "{2B24F319-8A9B-4BA1-8F7A-4CD9EE15A1BA}"
EndProject
Project("{2150E333-8FDC-42A3-9474-1A3956D46DE8}") = "src", "src", "{79E9C2D9-66AD-4813-B168-91D78F6F54CA}"
EndProject
Project("{2150E333-8FDC-42A3-9474-1A3956D46DE8}") = "usings", "usings", "{02210E2B-2D05-4B82-A533-7389F7CFF03E}"
EndProject
Project("{2150E333-8FDC-42A3-9474-1A3956D46DE8}") = "Core", "Core", "{73FF8A35-2E01-4ADA-93F5-140E08E1DA28}"
EndProject
Project("{2150E333-8FDC-42A3-9474-1A3956D46DE8}") = "Domain", "Domain", "{56449EAD-A0DD-417A-8F83-5E8C7365DC26}"
EndProject
Project("{2150E333-8FDC-42A3-9474-1A3956D46DE8}") = "Enumerations", "Enumerations", "{F1E08F06-65CE-4797-93A6-4436C2ED65D6}"
EndProject
Project("{2150E333-8FDC-42A3-9474-1A3956D46DE8}") = "tests", "tests", "{5CB6519F-D49F-4D8B-A631-7CCF09ED01C2}"
EndProject
Project("{2150E333-8FDC-42A3-9474-1A3956D46DE8}") = "Extensions", "Extensions", "{D891FE80-AA47-4AC1-B73E-847F2EA30F0E}"
EndProject
Global
	GlobalSection(SolutionConfigurationPlatforms) = preSolution
		Testing|Any CPU = Testing|Any CPU
		Local|Any CPU = Local|Any CPU
		Debug|Any CPU = Debug|Any CPU
		Staging|Any CPU = Staging|Any CPU
		Release|Any CPU = Release|Any CPU
		Dev|Any CPU = Dev|Any CPU
		Stage|Any CPU = Stage|Any CPU
	EndGlobalSection
	GlobalSection(ProjectConfigurationPlatforms) = postSolution
		{FFF9FAF1-E9E5-4F54-9F70-B3C5C7D9C7A6}.Testing|Any CPU.ActiveCfg = Testing|Any CPU
		{FFF9FAF1-E9E5-4F54-9F70-B3C5C7D9C7A6}.Testing|Any CPU.Build.0 = Testing|Any CPU
		{FFF9FAF1-E9E5-4F54-9F70-B3C5C7D9C7A6}.Local|Any CPU.ActiveCfg = Local|Any CPU
		{FFF9FAF1-E9E5-4F54-9F70-B3C5C7D9C7A6}.Local|Any CPU.Build.0 = Local|Any CPU
		{FFF9FAF1-E9E5-4F54-9F70-B3C5C7D9C7A6}.Debug|Any CPU.ActiveCfg = Debug|Any CPU
		{FFF9FAF1-E9E5-4F54-9F70-B3C5C7D9C7A6}.Debug|Any CPU.Build.0 = Debug|Any CPU
		{FFF9FAF1-E9E5-4F54-9F70-B3C5C7D9C7A6}.Staging|Any CPU.ActiveCfg = Staging|Any CPU
		{FFF9FAF1-E9E5-4F54-9F70-B3C5C7D9C7A6}.Staging|Any CPU.Build.0 = Staging|Any CPU
		{FFF9FAF1-E9E5-4F54-9F70-B3C5C7D9C7A6}.Release|Any CPU.ActiveCfg = Release|Any CPU
		{FFF9FAF1-E9E5-4F54-9F70-B3C5C7D9C7A6}.Release|Any CPU.Build.0 = Release|Any CPU
		{FFF9FAF1-E9E5-4F54-9F70-B3C5C7D9C7A6}.Dev|Any CPU.ActiveCfg = Testing|Any CPU
		{FFF9FAF1-E9E5-4F54-9F70-B3C5C7D9C7A6}.Stage|Any CPU.ActiveCfg = Testing|Any CPU
		{43CAB9DB-D654-430A-B99F-94D19DAB6EB1}.Testing|Any CPU.ActiveCfg = Debug|Any CPU
		{43CAB9DB-D654-430A-B99F-94D19DAB6EB1}.Local|Any CPU.ActiveCfg = Debug|Any CPU
		{43CAB9DB-D654-430A-B99F-94D19DAB6EB1}.Debug|Any CPU.ActiveCfg = Debug|Any CPU
		{43CAB9DB-D654-430A-B99F-94D19DAB6EB1}.Debug|Any CPU.Build.0 = Debug|Any CPU
		{43CAB9DB-D654-430A-B99F-94D19DAB6EB1}.Staging|Any CPU.ActiveCfg = Debug|Any CPU
		{43CAB9DB-D654-430A-B99F-94D19DAB6EB1}.Release|Any CPU.ActiveCfg = Debug|Any CPU
		{43CAB9DB-D654-430A-B99F-94D19DAB6EB1}.Dev|Any CPU.ActiveCfg = Debug|Any CPU
		{43CAB9DB-D654-430A-B99F-94D19DAB6EB1}.Stage|Any CPU.ActiveCfg = Debug|Any CPU
		{B2A216B9-41FD-444B-ACE4-BE8A007310AC}.Testing|Any CPU.ActiveCfg = Testing|Any CPU
		{B2A216B9-41FD-444B-ACE4-BE8A007310AC}.Testing|Any CPU.Build.0 = Testing|Any CPU
		{B2A216B9-41FD-444B-ACE4-BE8A007310AC}.Local|Any CPU.ActiveCfg = Local|Any CPU
		{B2A216B9-41FD-444B-ACE4-BE8A007310AC}.Local|Any CPU.Build.0 = Local|Any CPU
		{B2A216B9-41FD-444B-ACE4-BE8A007310AC}.Debug|Any CPU.ActiveCfg = Debug|Any CPU
		{B2A216B9-41FD-444B-ACE4-BE8A007310AC}.Debug|Any CPU.Build.0 = Debug|Any CPU
		{B2A216B9-41FD-444B-ACE4-BE8A007310AC}.Staging|Any CPU.ActiveCfg = Staging|Any CPU
		{B2A216B9-41FD-444B-ACE4-BE8A007310AC}.Staging|Any CPU.Build.0 = Staging|Any CPU
		{B2A216B9-41FD-444B-ACE4-BE8A007310AC}.Release|Any CPU.ActiveCfg = Release|Any CPU
		{B2A216B9-41FD-444B-ACE4-BE8A007310AC}.Release|Any CPU.Build.0 = Release|Any CPU
		{B2A216B9-41FD-444B-ACE4-BE8A007310AC}.Dev|Any CPU.ActiveCfg = Testing|Any CPU
		{B2A216B9-41FD-444B-ACE4-BE8A007310AC}.Stage|Any CPU.ActiveCfg = Testing|Any CPU
		{B5A26243-5C9A-4D08-82B1-B28074811BAF}.Testing|Any CPU.ActiveCfg = Testing|Any CPU
		{B5A26243-5C9A-4D08-82B1-B28074811BAF}.Testing|Any CPU.Build.0 = Testing|Any CPU
		{B5A26243-5C9A-4D08-82B1-B28074811BAF}.Local|Any CPU.ActiveCfg = Local|Any CPU
		{B5A26243-5C9A-4D08-82B1-B28074811BAF}.Local|Any CPU.Build.0 = Local|Any CPU
		{B5A26243-5C9A-4D08-82B1-B28074811BAF}.Debug|Any CPU.ActiveCfg = Debug|Any CPU
		{B5A26243-5C9A-4D08-82B1-B28074811BAF}.Debug|Any CPU.Build.0 = Debug|Any CPU
		{B5A26243-5C9A-4D08-82B1-B28074811BAF}.Staging|Any CPU.ActiveCfg = Staging|Any CPU
		{B5A26243-5C9A-4D08-82B1-B28074811BAF}.Staging|Any CPU.Build.0 = Staging|Any CPU
		{B5A26243-5C9A-4D08-82B1-B28074811BAF}.Release|Any CPU.ActiveCfg = Release|Any CPU
		{B5A26243-5C9A-4D08-82B1-B28074811BAF}.Release|Any CPU.Build.0 = Release|Any CPU
		{B5A26243-5C9A-4D08-82B1-B28074811BAF}.Dev|Any CPU.ActiveCfg = Testing|Any CPU
		{B5A26243-5C9A-4D08-82B1-B28074811BAF}.Stage|Any CPU.ActiveCfg = Testing|Any CPU
		{9CF27D10-1D21-4009-BD17-94AA1C480057}.Testing|Any CPU.ActiveCfg = Testing|Any CPU
		{9CF27D10-1D21-4009-BD17-94AA1C480057}.Testing|Any CPU.Build.0 = Testing|Any CPU
		{9CF27D10-1D21-4009-BD17-94AA1C480057}.Local|Any CPU.ActiveCfg = Local|Any CPU
		{9CF27D10-1D21-4009-BD17-94AA1C480057}.Local|Any CPU.Build.0 = Local|Any CPU
		{9CF27D10-1D21-4009-BD17-94AA1C480057}.Debug|Any CPU.ActiveCfg = Debug|Any CPU
		{9CF27D10-1D21-4009-BD17-94AA1C480057}.Debug|Any CPU.Build.0 = Debug|Any CPU
		{9CF27D10-1D21-4009-BD17-94AA1C480057}.Staging|Any CPU.ActiveCfg = Staging|Any CPU
		{9CF27D10-1D21-4009-BD17-94AA1C480057}.Staging|Any CPU.Build.0 = Staging|Any CPU
		{9CF27D10-1D21-4009-BD17-94AA1C480057}.Release|Any CPU.ActiveCfg = Release|Any CPU
		{9CF27D10-1D21-4009-BD17-94AA1C480057}.Release|Any CPU.Build.0 = Release|Any CPU
		{9CF27D10-1D21-4009-BD17-94AA1C480057}.Dev|Any CPU.ActiveCfg = Dev|Any CPU
		{9CF27D10-1D21-4009-BD17-94AA1C480057}.Dev|Any CPU.Build.0 = Dev|Any CPU
		{9CF27D10-1D21-4009-BD17-94AA1C480057}.Stage|Any CPU.ActiveCfg = Stage|Any CPU
		{9CF27D10-1D21-4009-BD17-94AA1C480057}.Stage|Any CPU.Build.0 = Stage|Any CPU
		{8A18883B-E70F-425D-A9E7-EEDA1D0FCF2B}.Testing|Any CPU.ActiveCfg = Debug|Any CPU
		{8A18883B-E70F-425D-A9E7-EEDA1D0FCF2B}.Local|Any CPU.ActiveCfg = Debug|Any CPU
		{8A18883B-E70F-425D-A9E7-EEDA1D0FCF2B}.Debug|Any CPU.ActiveCfg = Debug|Any CPU
		{8A18883B-E70F-425D-A9E7-EEDA1D0FCF2B}.Debug|Any CPU.Build.0 = Debug|Any CPU
		{8A18883B-E70F-425D-A9E7-EEDA1D0FCF2B}.Staging|Any CPU.ActiveCfg = Debug|Any CPU
		{8A18883B-E70F-425D-A9E7-EEDA1D0FCF2B}.Release|Any CPU.ActiveCfg = Debug|Any CPU
		{8A18883B-E70F-425D-A9E7-EEDA1D0FCF2B}.Dev|Any CPU.ActiveCfg = Debug|Any CPU
		{8A18883B-E70F-425D-A9E7-EEDA1D0FCF2B}.Stage|Any CPU.ActiveCfg = Debug|Any CPU
		{B80D88F1-66B8-441C-BCF9-D8C8D17AEEA1}.Testing|Any CPU.ActiveCfg = Testing|Any CPU
		{B80D88F1-66B8-441C-BCF9-D8C8D17AEEA1}.Testing|Any CPU.Build.0 = Testing|Any CPU
		{B80D88F1-66B8-441C-BCF9-D8C8D17AEEA1}.Local|Any CPU.ActiveCfg = Local|Any CPU
		{B80D88F1-66B8-441C-BCF9-D8C8D17AEEA1}.Local|Any CPU.Build.0 = Local|Any CPU
		{B80D88F1-66B8-441C-BCF9-D8C8D17AEEA1}.Debug|Any CPU.ActiveCfg = Debug|Any CPU
		{B80D88F1-66B8-441C-BCF9-D8C8D17AEEA1}.Debug|Any CPU.Build.0 = Debug|Any CPU
		{B80D88F1-66B8-441C-BCF9-D8C8D17AEEA1}.Staging|Any CPU.ActiveCfg = Staging|Any CPU
		{B80D88F1-66B8-441C-BCF9-D8C8D17AEEA1}.Staging|Any CPU.Build.0 = Staging|Any CPU
		{B80D88F1-66B8-441C-BCF9-D8C8D17AEEA1}.Release|Any CPU.ActiveCfg = Release|Any CPU
		{B80D88F1-66B8-441C-BCF9-D8C8D17AEEA1}.Release|Any CPU.Build.0 = Release|Any CPU
		{B80D88F1-66B8-441C-BCF9-D8C8D17AEEA1}.Dev|Any CPU.ActiveCfg = Testing|Any CPU
		{B80D88F1-66B8-441C-BCF9-D8C8D17AEEA1}.Stage|Any CPU.ActiveCfg = Testing|Any CPU
		{C26B7980-F57C-4CE1-B61C-CC452D73FCC4}.Testing|Any CPU.ActiveCfg = Testing|Any CPU
		{C26B7980-F57C-4CE1-B61C-CC452D73FCC4}.Testing|Any CPU.Build.0 = Testing|Any CPU
		{C26B7980-F57C-4CE1-B61C-CC452D73FCC4}.Local|Any CPU.ActiveCfg = Local|Any CPU
		{C26B7980-F57C-4CE1-B61C-CC452D73FCC4}.Local|Any CPU.Build.0 = Local|Any CPU
		{C26B7980-F57C-4CE1-B61C-CC452D73FCC4}.Debug|Any CPU.ActiveCfg = Debug|Any CPU
		{C26B7980-F57C-4CE1-B61C-CC452D73FCC4}.Debug|Any CPU.Build.0 = Debug|Any CPU
		{C26B7980-F57C-4CE1-B61C-CC452D73FCC4}.Staging|Any CPU.ActiveCfg = Staging|Any CPU
		{C26B7980-F57C-4CE1-B61C-CC452D73FCC4}.Staging|Any CPU.Build.0 = Staging|Any CPU
		{C26B7980-F57C-4CE1-B61C-CC452D73FCC4}.Release|Any CPU.ActiveCfg = Release|Any CPU
		{C26B7980-F57C-4CE1-B61C-CC452D73FCC4}.Release|Any CPU.Build.0 = Release|Any CPU
		{C26B7980-F57C-4CE1-B61C-CC452D73FCC4}.Dev|Any CPU.ActiveCfg = Testing|Any CPU
		{C26B7980-F57C-4CE1-B61C-CC452D73FCC4}.Stage|Any CPU.ActiveCfg = Testing|Any CPU
		{2CCB2115-4929-4102-956C-8EB02ED0A4FB}.Testing|Any CPU.ActiveCfg = Testing|Any CPU
		{2CCB2115-4929-4102-956C-8EB02ED0A4FB}.Testing|Any CPU.Build.0 = Testing|Any CPU
		{2CCB2115-4929-4102-956C-8EB02ED0A4FB}.Local|Any CPU.ActiveCfg = Local|Any CPU
		{2CCB2115-4929-4102-956C-8EB02ED0A4FB}.Local|Any CPU.Build.0 = Local|Any CPU
		{2CCB2115-4929-4102-956C-8EB02ED0A4FB}.Debug|Any CPU.ActiveCfg = Debug|Any CPU
		{2CCB2115-4929-4102-956C-8EB02ED0A4FB}.Debug|Any CPU.Build.0 = Debug|Any CPU
		{2CCB2115-4929-4102-956C-8EB02ED0A4FB}.Staging|Any CPU.ActiveCfg = Staging|Any CPU
		{2CCB2115-4929-4102-956C-8EB02ED0A4FB}.Staging|Any CPU.Build.0 = Staging|Any CPU
		{2CCB2115-4929-4102-956C-8EB02ED0A4FB}.Release|Any CPU.ActiveCfg = Release|Any CPU
		{2CCB2115-4929-4102-956C-8EB02ED0A4FB}.Release|Any CPU.Build.0 = Release|Any CPU
		{2CCB2115-4929-4102-956C-8EB02ED0A4FB}.Dev|Any CPU.ActiveCfg = Testing|Any CPU
		{2CCB2115-4929-4102-956C-8EB02ED0A4FB}.Stage|Any CPU.ActiveCfg = Testing|Any CPU
		{3B4CC35E-E1A8-4205-8273-4901C8C60D26}.Testing|Any CPU.ActiveCfg = Testing|Any CPU
		{3B4CC35E-E1A8-4205-8273-4901C8C60D26}.Testing|Any CPU.Build.0 = Testing|Any CPU
		{3B4CC35E-E1A8-4205-8273-4901C8C60D26}.Local|Any CPU.ActiveCfg = Local|Any CPU
		{3B4CC35E-E1A8-4205-8273-4901C8C60D26}.Local|Any CPU.Build.0 = Local|Any CPU
		{3B4CC35E-E1A8-4205-8273-4901C8C60D26}.Debug|Any CPU.ActiveCfg = Debug|Any CPU
		{3B4CC35E-E1A8-4205-8273-4901C8C60D26}.Debug|Any CPU.Build.0 = Debug|Any CPU
		{3B4CC35E-E1A8-4205-8273-4901C8C60D26}.Staging|Any CPU.ActiveCfg = Staging|Any CPU
		{3B4CC35E-E1A8-4205-8273-4901C8C60D26}.Staging|Any CPU.Build.0 = Staging|Any CPU
		{3B4CC35E-E1A8-4205-8273-4901C8C60D26}.Release|Any CPU.ActiveCfg = Release|Any CPU
		{3B4CC35E-E1A8-4205-8273-4901C8C60D26}.Release|Any CPU.Build.0 = Release|Any CPU
		{3B4CC35E-E1A8-4205-8273-4901C8C60D26}.Dev|Any CPU.ActiveCfg = Testing|Any CPU
		{3B4CC35E-E1A8-4205-8273-4901C8C60D26}.Stage|Any CPU.ActiveCfg = Testing|Any CPU
		{EB291AAC-9754-499B-B11B-26D99A81D2E4}.Testing|Any CPU.ActiveCfg = Debug|Any CPU
		{EB291AAC-9754-499B-B11B-26D99A81D2E4}.Local|Any CPU.ActiveCfg = Debug|Any CPU
		{EB291AAC-9754-499B-B11B-26D99A81D2E4}.Debug|Any CPU.ActiveCfg = Debug|Any CPU
		{EB291AAC-9754-499B-B11B-26D99A81D2E4}.Debug|Any CPU.Build.0 = Debug|Any CPU
		{EB291AAC-9754-499B-B11B-26D99A81D2E4}.Staging|Any CPU.ActiveCfg = Debug|Any CPU
		{EB291AAC-9754-499B-B11B-26D99A81D2E4}.Release|Any CPU.ActiveCfg = Debug|Any CPU
		{EB291AAC-9754-499B-B11B-26D99A81D2E4}.Dev|Any CPU.ActiveCfg = Debug|Any CPU
		{EB291AAC-9754-499B-B11B-26D99A81D2E4}.Stage|Any CPU.ActiveCfg = Debug|Any CPU
		{F41EECE2-871B-436C-B3C8-3591F69E3B4D}.Testing|Any CPU.ActiveCfg = Testing|Any CPU
		{F41EECE2-871B-436C-B3C8-3591F69E3B4D}.Testing|Any CPU.Build.0 = Testing|Any CPU
		{F41EECE2-871B-436C-B3C8-3591F69E3B4D}.Local|Any CPU.ActiveCfg = Local|Any CPU
		{F41EECE2-871B-436C-B3C8-3591F69E3B4D}.Local|Any CPU.Build.0 = Local|Any CPU
		{F41EECE2-871B-436C-B3C8-3591F69E3B4D}.Debug|Any CPU.ActiveCfg = Debug|Any CPU
		{F41EECE2-871B-436C-B3C8-3591F69E3B4D}.Debug|Any CPU.Build.0 = Debug|Any CPU
		{F41EECE2-871B-436C-B3C8-3591F69E3B4D}.Staging|Any CPU.ActiveCfg = Staging|Any CPU
		{F41EECE2-871B-436C-B3C8-3591F69E3B4D}.Staging|Any CPU.Build.0 = Staging|Any CPU
		{F41EECE2-871B-436C-B3C8-3591F69E3B4D}.Release|Any CPU.ActiveCfg = Release|Any CPU
		{F41EECE2-871B-436C-B3C8-3591F69E3B4D}.Release|Any CPU.Build.0 = Release|Any CPU
		{F41EECE2-871B-436C-B3C8-3591F69E3B4D}.Dev|Any CPU.ActiveCfg = Testing|Any CPU
		{F41EECE2-871B-436C-B3C8-3591F69E3B4D}.Stage|Any CPU.ActiveCfg = Testing|Any CPU
		{D8CA10A8-733D-4A43-98CA-A252F2279F77}.Testing|Any CPU.ActiveCfg = Testing|Any CPU
		{D8CA10A8-733D-4A43-98CA-A252F2279F77}.Testing|Any CPU.Build.0 = Testing|Any CPU
		{D8CA10A8-733D-4A43-98CA-A252F2279F77}.Local|Any CPU.ActiveCfg = Local|Any CPU
		{D8CA10A8-733D-4A43-98CA-A252F2279F77}.Local|Any CPU.Build.0 = Local|Any CPU
		{D8CA10A8-733D-4A43-98CA-A252F2279F77}.Debug|Any CPU.ActiveCfg = Debug|Any CPU
		{D8CA10A8-733D-4A43-98CA-A252F2279F77}.Debug|Any CPU.Build.0 = Debug|Any CPU
		{D8CA10A8-733D-4A43-98CA-A252F2279F77}.Staging|Any CPU.ActiveCfg = Staging|Any CPU
		{D8CA10A8-733D-4A43-98CA-A252F2279F77}.Staging|Any CPU.Build.0 = Staging|Any CPU
		{D8CA10A8-733D-4A43-98CA-A252F2279F77}.Release|Any CPU.ActiveCfg = Release|Any CPU
		{D8CA10A8-733D-4A43-98CA-A252F2279F77}.Release|Any CPU.Build.0 = Release|Any CPU
		{D8CA10A8-733D-4A43-98CA-A252F2279F77}.Dev|Any CPU.ActiveCfg = Testing|Any CPU
		{D8CA10A8-733D-4A43-98CA-A252F2279F77}.Stage|Any CPU.ActiveCfg = Testing|Any CPU
		{A5E55E5A-5FDC-487A-B2D4-D73BDF507541}.Testing|Any CPU.ActiveCfg = Testing|Any CPU
		{A5E55E5A-5FDC-487A-B2D4-D73BDF507541}.Testing|Any CPU.Build.0 = Testing|Any CPU
		{A5E55E5A-5FDC-487A-B2D4-D73BDF507541}.Local|Any CPU.ActiveCfg = Local|Any CPU
		{A5E55E5A-5FDC-487A-B2D4-D73BDF507541}.Local|Any CPU.Build.0 = Local|Any CPU
		{A5E55E5A-5FDC-487A-B2D4-D73BDF507541}.Debug|Any CPU.ActiveCfg = Debug|Any CPU
		{A5E55E5A-5FDC-487A-B2D4-D73BDF507541}.Debug|Any CPU.Build.0 = Debug|Any CPU
		{A5E55E5A-5FDC-487A-B2D4-D73BDF507541}.Staging|Any CPU.ActiveCfg = Staging|Any CPU
		{A5E55E5A-5FDC-487A-B2D4-D73BDF507541}.Staging|Any CPU.Build.0 = Staging|Any CPU
		{A5E55E5A-5FDC-487A-B2D4-D73BDF507541}.Release|Any CPU.ActiveCfg = Release|Any CPU
		{A5E55E5A-5FDC-487A-B2D4-D73BDF507541}.Release|Any CPU.Build.0 = Release|Any CPU
		{A5E55E5A-5FDC-487A-B2D4-D73BDF507541}.Dev|Any CPU.ActiveCfg = Dev|Any CPU
		{A5E55E5A-5FDC-487A-B2D4-D73BDF507541}.Dev|Any CPU.Build.0 = Dev|Any CPU
		{A5E55E5A-5FDC-487A-B2D4-D73BDF507541}.Stage|Any CPU.ActiveCfg = Stage|Any CPU
		{A5E55E5A-5FDC-487A-B2D4-D73BDF507541}.Stage|Any CPU.Build.0 = Stage|Any CPU
		{4D7FEFCC-9EC4-43F7-BF62-0292596C299B}.Testing|Any CPU.ActiveCfg = Testing|Any CPU
		{4D7FEFCC-9EC4-43F7-BF62-0292596C299B}.Testing|Any CPU.Build.0 = Testing|Any CPU
		{4D7FEFCC-9EC4-43F7-BF62-0292596C299B}.Local|Any CPU.ActiveCfg = Local|Any CPU
		{4D7FEFCC-9EC4-43F7-BF62-0292596C299B}.Local|Any CPU.Build.0 = Local|Any CPU
		{4D7FEFCC-9EC4-43F7-BF62-0292596C299B}.Debug|Any CPU.ActiveCfg = Debug|Any CPU
		{4D7FEFCC-9EC4-43F7-BF62-0292596C299B}.Debug|Any CPU.Build.0 = Debug|Any CPU
		{4D7FEFCC-9EC4-43F7-BF62-0292596C299B}.Staging|Any CPU.ActiveCfg = Staging|Any CPU
		{4D7FEFCC-9EC4-43F7-BF62-0292596C299B}.Staging|Any CPU.Build.0 = Staging|Any CPU
		{4D7FEFCC-9EC4-43F7-BF62-0292596C299B}.Release|Any CPU.ActiveCfg = Release|Any CPU
		{4D7FEFCC-9EC4-43F7-BF62-0292596C299B}.Release|Any CPU.Build.0 = Release|Any CPU
		{4D7FEFCC-9EC4-43F7-BF62-0292596C299B}.Dev|Any CPU.ActiveCfg = Testing|Any CPU
		{4D7FEFCC-9EC4-43F7-BF62-0292596C299B}.Stage|Any CPU.ActiveCfg = Testing|Any CPU
		{21F7A94A-74A2-47BB-A41D-8DA89EF0C7F3}.Testing|Any CPU.ActiveCfg = Testing|Any CPU
		{21F7A94A-74A2-47BB-A41D-8DA89EF0C7F3}.Testing|Any CPU.Build.0 = Testing|Any CPU
		{21F7A94A-74A2-47BB-A41D-8DA89EF0C7F3}.Local|Any CPU.ActiveCfg = Local|Any CPU
		{21F7A94A-74A2-47BB-A41D-8DA89EF0C7F3}.Local|Any CPU.Build.0 = Local|Any CPU
		{21F7A94A-74A2-47BB-A41D-8DA89EF0C7F3}.Debug|Any CPU.ActiveCfg = Debug|Any CPU
		{21F7A94A-74A2-47BB-A41D-8DA89EF0C7F3}.Debug|Any CPU.Build.0 = Debug|Any CPU
		{21F7A94A-74A2-47BB-A41D-8DA89EF0C7F3}.Staging|Any CPU.ActiveCfg = Staging|Any CPU
		{21F7A94A-74A2-47BB-A41D-8DA89EF0C7F3}.Staging|Any CPU.Build.0 = Staging|Any CPU
		{21F7A94A-74A2-47BB-A41D-8DA89EF0C7F3}.Release|Any CPU.ActiveCfg = Release|Any CPU
		{21F7A94A-74A2-47BB-A41D-8DA89EF0C7F3}.Release|Any CPU.Build.0 = Release|Any CPU
		{21F7A94A-74A2-47BB-A41D-8DA89EF0C7F3}.Dev|Any CPU.ActiveCfg = Testing|Any CPU
		{21F7A94A-74A2-47BB-A41D-8DA89EF0C7F3}.Stage|Any CPU.ActiveCfg = Testing|Any CPU
		{868992D2-599E-48D0-8EA7-8AC51116E612}.Testing|Any CPU.ActiveCfg = Testing|Any CPU
		{868992D2-599E-48D0-8EA7-8AC51116E612}.Testing|Any CPU.Build.0 = Testing|Any CPU
		{868992D2-599E-48D0-8EA7-8AC51116E612}.Local|Any CPU.ActiveCfg = Local|Any CPU
		{868992D2-599E-48D0-8EA7-8AC51116E612}.Local|Any CPU.Build.0 = Local|Any CPU
		{868992D2-599E-48D0-8EA7-8AC51116E612}.Debug|Any CPU.ActiveCfg = Debug|Any CPU
		{868992D2-599E-48D0-8EA7-8AC51116E612}.Debug|Any CPU.Build.0 = Debug|Any CPU
		{868992D2-599E-48D0-8EA7-8AC51116E612}.Staging|Any CPU.ActiveCfg = Staging|Any CPU
		{868992D2-599E-48D0-8EA7-8AC51116E612}.Staging|Any CPU.Build.0 = Staging|Any CPU
		{868992D2-599E-48D0-8EA7-8AC51116E612}.Release|Any CPU.ActiveCfg = Release|Any CPU
		{868992D2-599E-48D0-8EA7-8AC51116E612}.Release|Any CPU.Build.0 = Release|Any CPU
		{868992D2-599E-48D0-8EA7-8AC51116E612}.Dev|Any CPU.ActiveCfg = Testing|Any CPU
		{868992D2-599E-48D0-8EA7-8AC51116E612}.Stage|Any CPU.ActiveCfg = Testing|Any CPU
		{03C3B272-5832-4B1B-B890-DDC2D0355DA0}.Testing|Any CPU.ActiveCfg = Testing|Any CPU
		{03C3B272-5832-4B1B-B890-DDC2D0355DA0}.Testing|Any CPU.Build.0 = Testing|Any CPU
		{03C3B272-5832-4B1B-B890-DDC2D0355DA0}.Local|Any CPU.ActiveCfg = Local|Any CPU
		{03C3B272-5832-4B1B-B890-DDC2D0355DA0}.Local|Any CPU.Build.0 = Local|Any CPU
		{03C3B272-5832-4B1B-B890-DDC2D0355DA0}.Debug|Any CPU.ActiveCfg = Debug|Any CPU
		{03C3B272-5832-4B1B-B890-DDC2D0355DA0}.Debug|Any CPU.Build.0 = Debug|Any CPU
		{03C3B272-5832-4B1B-B890-DDC2D0355DA0}.Staging|Any CPU.ActiveCfg = Staging|Any CPU
		{03C3B272-5832-4B1B-B890-DDC2D0355DA0}.Staging|Any CPU.Build.0 = Staging|Any CPU
		{03C3B272-5832-4B1B-B890-DDC2D0355DA0}.Release|Any CPU.ActiveCfg = Release|Any CPU
		{03C3B272-5832-4B1B-B890-DDC2D0355DA0}.Release|Any CPU.Build.0 = Release|Any CPU
		{03C3B272-5832-4B1B-B890-DDC2D0355DA0}.Dev|Any CPU.ActiveCfg = Testing|Any CPU
		{03C3B272-5832-4B1B-B890-DDC2D0355DA0}.Stage|Any CPU.ActiveCfg = Testing|Any CPU
		{AF34FD5B-52BC-40C8-B4C3-36C4704DF61B}.Testing|Any CPU.ActiveCfg = Testing|Any CPU
		{AF34FD5B-52BC-40C8-B4C3-36C4704DF61B}.Testing|Any CPU.Build.0 = Testing|Any CPU
		{AF34FD5B-52BC-40C8-B4C3-36C4704DF61B}.Local|Any CPU.ActiveCfg = Local|Any CPU
		{AF34FD5B-52BC-40C8-B4C3-36C4704DF61B}.Local|Any CPU.Build.0 = Local|Any CPU
		{AF34FD5B-52BC-40C8-B4C3-36C4704DF61B}.Debug|Any CPU.ActiveCfg = Debug|Any CPU
		{AF34FD5B-52BC-40C8-B4C3-36C4704DF61B}.Debug|Any CPU.Build.0 = Debug|Any CPU
		{AF34FD5B-52BC-40C8-B4C3-36C4704DF61B}.Staging|Any CPU.ActiveCfg = Staging|Any CPU
		{AF34FD5B-52BC-40C8-B4C3-36C4704DF61B}.Staging|Any CPU.Build.0 = Staging|Any CPU
		{AF34FD5B-52BC-40C8-B4C3-36C4704DF61B}.Release|Any CPU.ActiveCfg = Release|Any CPU
		{AF34FD5B-52BC-40C8-B4C3-36C4704DF61B}.Release|Any CPU.Build.0 = Release|Any CPU
		{AF34FD5B-52BC-40C8-B4C3-36C4704DF61B}.Dev|Any CPU.ActiveCfg = Testing|Any CPU
		{AF34FD5B-52BC-40C8-B4C3-36C4704DF61B}.Stage|Any CPU.ActiveCfg = Testing|Any CPU
		{7575BB8C-F425-4989-BB80-4E44673D3CD2}.Testing|Any CPU.ActiveCfg = Testing|Any CPU
		{7575BB8C-F425-4989-BB80-4E44673D3CD2}.Testing|Any CPU.Build.0 = Testing|Any CPU
		{7575BB8C-F425-4989-BB80-4E44673D3CD2}.Local|Any CPU.ActiveCfg = Local|Any CPU
		{7575BB8C-F425-4989-BB80-4E44673D3CD2}.Local|Any CPU.Build.0 = Local|Any CPU
		{7575BB8C-F425-4989-BB80-4E44673D3CD2}.Debug|Any CPU.ActiveCfg = Debug|Any CPU
		{7575BB8C-F425-4989-BB80-4E44673D3CD2}.Debug|Any CPU.Build.0 = Debug|Any CPU
		{7575BB8C-F425-4989-BB80-4E44673D3CD2}.Staging|Any CPU.ActiveCfg = Staging|Any CPU
		{7575BB8C-F425-4989-BB80-4E44673D3CD2}.Staging|Any CPU.Build.0 = Staging|Any CPU
		{7575BB8C-F425-4989-BB80-4E44673D3CD2}.Release|Any CPU.ActiveCfg = Release|Any CPU
		{7575BB8C-F425-4989-BB80-4E44673D3CD2}.Release|Any CPU.Build.0 = Release|Any CPU
		{7575BB8C-F425-4989-BB80-4E44673D3CD2}.Dev|Any CPU.ActiveCfg = Testing|Any CPU
		{7575BB8C-F425-4989-BB80-4E44673D3CD2}.Stage|Any CPU.ActiveCfg = Testing|Any CPU
		{354CC185-81D4-4D6B-904B-F2225D174200}.Testing|Any CPU.ActiveCfg = Testing|Any CPU
		{354CC185-81D4-4D6B-904B-F2225D174200}.Testing|Any CPU.Build.0 = Testing|Any CPU
		{354CC185-81D4-4D6B-904B-F2225D174200}.Local|Any CPU.ActiveCfg = Local|Any CPU
		{354CC185-81D4-4D6B-904B-F2225D174200}.Local|Any CPU.Build.0 = Local|Any CPU
		{354CC185-81D4-4D6B-904B-F2225D174200}.Debug|Any CPU.ActiveCfg = Debug|Any CPU
		{354CC185-81D4-4D6B-904B-F2225D174200}.Debug|Any CPU.Build.0 = Debug|Any CPU
		{354CC185-81D4-4D6B-904B-F2225D174200}.Staging|Any CPU.ActiveCfg = Staging|Any CPU
		{354CC185-81D4-4D6B-904B-F2225D174200}.Staging|Any CPU.Build.0 = Staging|Any CPU
		{354CC185-81D4-4D6B-904B-F2225D174200}.Release|Any CPU.ActiveCfg = Release|Any CPU
		{354CC185-81D4-4D6B-904B-F2225D174200}.Release|Any CPU.Build.0 = Release|Any CPU
		{354CC185-81D4-4D6B-904B-F2225D174200}.Dev|Any CPU.ActiveCfg = Testing|Any CPU
		{354CC185-81D4-4D6B-904B-F2225D174200}.Stage|Any CPU.ActiveCfg = Testing|Any CPU
		{8279F205-78CC-4E3B-8B55-98997892A724}.Testing|Any CPU.ActiveCfg = Testing|Any CPU
		{8279F205-78CC-4E3B-8B55-98997892A724}.Testing|Any CPU.Build.0 = Testing|Any CPU
		{8279F205-78CC-4E3B-8B55-98997892A724}.Local|Any CPU.ActiveCfg = Local|Any CPU
		{8279F205-78CC-4E3B-8B55-98997892A724}.Local|Any CPU.Build.0 = Local|Any CPU
		{8279F205-78CC-4E3B-8B55-98997892A724}.Debug|Any CPU.ActiveCfg = Debug|Any CPU
		{8279F205-78CC-4E3B-8B55-98997892A724}.Debug|Any CPU.Build.0 = Debug|Any CPU
		{8279F205-78CC-4E3B-8B55-98997892A724}.Staging|Any CPU.ActiveCfg = Staging|Any CPU
		{8279F205-78CC-4E3B-8B55-98997892A724}.Staging|Any CPU.Build.0 = Staging|Any CPU
		{8279F205-78CC-4E3B-8B55-98997892A724}.Release|Any CPU.ActiveCfg = Release|Any CPU
		{8279F205-78CC-4E3B-8B55-98997892A724}.Release|Any CPU.Build.0 = Release|Any CPU
		{8279F205-78CC-4E3B-8B55-98997892A724}.Dev|Any CPU.ActiveCfg = Testing|Any CPU
		{8279F205-78CC-4E3B-8B55-98997892A724}.Stage|Any CPU.ActiveCfg = Testing|Any CPU
		{BEB4B84A-0BAF-49DE-B397-98A1BCFC2F43}.Testing|Any CPU.ActiveCfg = Testing|Any CPU
		{BEB4B84A-0BAF-49DE-B397-98A1BCFC2F43}.Testing|Any CPU.Build.0 = Testing|Any CPU
		{BEB4B84A-0BAF-49DE-B397-98A1BCFC2F43}.Local|Any CPU.ActiveCfg = Local|Any CPU
		{BEB4B84A-0BAF-49DE-B397-98A1BCFC2F43}.Local|Any CPU.Build.0 = Local|Any CPU
		{BEB4B84A-0BAF-49DE-B397-98A1BCFC2F43}.Debug|Any CPU.ActiveCfg = Debug|Any CPU
		{BEB4B84A-0BAF-49DE-B397-98A1BCFC2F43}.Debug|Any CPU.Build.0 = Debug|Any CPU
		{BEB4B84A-0BAF-49DE-B397-98A1BCFC2F43}.Staging|Any CPU.ActiveCfg = Staging|Any CPU
		{BEB4B84A-0BAF-49DE-B397-98A1BCFC2F43}.Staging|Any CPU.Build.0 = Staging|Any CPU
		{BEB4B84A-0BAF-49DE-B397-98A1BCFC2F43}.Release|Any CPU.ActiveCfg = Release|Any CPU
		{BEB4B84A-0BAF-49DE-B397-98A1BCFC2F43}.Release|Any CPU.Build.0 = Release|Any CPU
		{BEB4B84A-0BAF-49DE-B397-98A1BCFC2F43}.Dev|Any CPU.ActiveCfg = Testing|Any CPU
		{BEB4B84A-0BAF-49DE-B397-98A1BCFC2F43}.Stage|Any CPU.ActiveCfg = Testing|Any CPU
		{D148A236-FD68-4321-855D-44454A4484F8}.Testing|Any CPU.ActiveCfg = Testing|Any CPU
		{D148A236-FD68-4321-855D-44454A4484F8}.Testing|Any CPU.Build.0 = Testing|Any CPU
		{D148A236-FD68-4321-855D-44454A4484F8}.Local|Any CPU.ActiveCfg = Local|Any CPU
		{D148A236-FD68-4321-855D-44454A4484F8}.Local|Any CPU.Build.0 = Local|Any CPU
		{D148A236-FD68-4321-855D-44454A4484F8}.Debug|Any CPU.ActiveCfg = Debug|Any CPU
		{D148A236-FD68-4321-855D-44454A4484F8}.Debug|Any CPU.Build.0 = Debug|Any CPU
		{D148A236-FD68-4321-855D-44454A4484F8}.Staging|Any CPU.ActiveCfg = Staging|Any CPU
		{D148A236-FD68-4321-855D-44454A4484F8}.Staging|Any CPU.Build.0 = Staging|Any CPU
		{D148A236-FD68-4321-855D-44454A4484F8}.Release|Any CPU.ActiveCfg = Release|Any CPU
		{D148A236-FD68-4321-855D-44454A4484F8}.Release|Any CPU.Build.0 = Release|Any CPU
		{D148A236-FD68-4321-855D-44454A4484F8}.Dev|Any CPU.ActiveCfg = Testing|Any CPU
		{D148A236-FD68-4321-855D-44454A4484F8}.Stage|Any CPU.ActiveCfg = Testing|Any CPU
		{50F45B71-9AF1-424B-8A9E-C5E967CCB839}.Testing|Any CPU.ActiveCfg = Testing|Any CPU
		{50F45B71-9AF1-424B-8A9E-C5E967CCB839}.Testing|Any CPU.Build.0 = Testing|Any CPU
		{50F45B71-9AF1-424B-8A9E-C5E967CCB839}.Local|Any CPU.ActiveCfg = Local|Any CPU
		{50F45B71-9AF1-424B-8A9E-C5E967CCB839}.Local|Any CPU.Build.0 = Local|Any CPU
		{50F45B71-9AF1-424B-8A9E-C5E967CCB839}.Debug|Any CPU.ActiveCfg = Debug|Any CPU
		{50F45B71-9AF1-424B-8A9E-C5E967CCB839}.Debug|Any CPU.Build.0 = Debug|Any CPU
		{50F45B71-9AF1-424B-8A9E-C5E967CCB839}.Staging|Any CPU.ActiveCfg = Staging|Any CPU
		{50F45B71-9AF1-424B-8A9E-C5E967CCB839}.Staging|Any CPU.Build.0 = Staging|Any CPU
		{50F45B71-9AF1-424B-8A9E-C5E967CCB839}.Release|Any CPU.ActiveCfg = Release|Any CPU
		{50F45B71-9AF1-424B-8A9E-C5E967CCB839}.Release|Any CPU.Build.0 = Release|Any CPU
		{50F45B71-9AF1-424B-8A9E-C5E967CCB839}.Dev|Any CPU.ActiveCfg = Testing|Any CPU
		{50F45B71-9AF1-424B-8A9E-C5E967CCB839}.Stage|Any CPU.ActiveCfg = Testing|Any CPU
		{F7900E3D-4D83-4620-BB11-D5C06559F0D4}.Testing|Any CPU.ActiveCfg = Testing|Any CPU
		{F7900E3D-4D83-4620-BB11-D5C06559F0D4}.Testing|Any CPU.Build.0 = Testing|Any CPU
		{F7900E3D-4D83-4620-BB11-D5C06559F0D4}.Local|Any CPU.ActiveCfg = Local|Any CPU
		{F7900E3D-4D83-4620-BB11-D5C06559F0D4}.Local|Any CPU.Build.0 = Local|Any CPU
		{F7900E3D-4D83-4620-BB11-D5C06559F0D4}.Debug|Any CPU.ActiveCfg = Debug|Any CPU
		{F7900E3D-4D83-4620-BB11-D5C06559F0D4}.Debug|Any CPU.Build.0 = Debug|Any CPU
		{F7900E3D-4D83-4620-BB11-D5C06559F0D4}.Staging|Any CPU.ActiveCfg = Staging|Any CPU
		{F7900E3D-4D83-4620-BB11-D5C06559F0D4}.Staging|Any CPU.Build.0 = Staging|Any CPU
		{F7900E3D-4D83-4620-BB11-D5C06559F0D4}.Release|Any CPU.ActiveCfg = Release|Any CPU
		{F7900E3D-4D83-4620-BB11-D5C06559F0D4}.Release|Any CPU.Build.0 = Release|Any CPU
		{F7900E3D-4D83-4620-BB11-D5C06559F0D4}.Dev|Any CPU.ActiveCfg = Testing|Any CPU
		{F7900E3D-4D83-4620-BB11-D5C06559F0D4}.Stage|Any CPU.ActiveCfg = Testing|Any CPU
		{BEAF785F-439E-4A93-9CED-1FC54BDBFEA4}.Testing|Any CPU.ActiveCfg = Debug|Any CPU
		{BEAF785F-439E-4A93-9CED-1FC54BDBFEA4}.Local|Any CPU.ActiveCfg = Debug|Any CPU
		{BEAF785F-439E-4A93-9CED-1FC54BDBFEA4}.Debug|Any CPU.ActiveCfg = Debug|Any CPU
		{BEAF785F-439E-4A93-9CED-1FC54BDBFEA4}.Debug|Any CPU.Build.0 = Debug|Any CPU
		{BEAF785F-439E-4A93-9CED-1FC54BDBFEA4}.Staging|Any CPU.ActiveCfg = Debug|Any CPU
		{BEAF785F-439E-4A93-9CED-1FC54BDBFEA4}.Release|Any CPU.ActiveCfg = Release|Any CPU
		{BEAF785F-439E-4A93-9CED-1FC54BDBFEA4}.Release|Any CPU.Build.0 = Release|Any CPU
		{BEAF785F-439E-4A93-9CED-1FC54BDBFEA4}.Dev|Any CPU.ActiveCfg = Debug|Any CPU
		{BEAF785F-439E-4A93-9CED-1FC54BDBFEA4}.Stage|Any CPU.ActiveCfg = Debug|Any CPU
		{4C65A89A-31FE-47C5-91AB-B3B139BB6746}.Testing|Any CPU.ActiveCfg = Debug|Any CPU
		{4C65A89A-31FE-47C5-91AB-B3B139BB6746}.Local|Any CPU.ActiveCfg = Debug|Any CPU
		{4C65A89A-31FE-47C5-91AB-B3B139BB6746}.Debug|Any CPU.ActiveCfg = Debug|Any CPU
		{4C65A89A-31FE-47C5-91AB-B3B139BB6746}.Debug|Any CPU.Build.0 = Debug|Any CPU
		{4C65A89A-31FE-47C5-91AB-B3B139BB6746}.Staging|Any CPU.ActiveCfg = Debug|Any CPU
		{4C65A89A-31FE-47C5-91AB-B3B139BB6746}.Release|Any CPU.ActiveCfg = Release|Any CPU
		{4C65A89A-31FE-47C5-91AB-B3B139BB6746}.Release|Any CPU.Build.0 = Release|Any CPU
		{4C65A89A-31FE-47C5-91AB-B3B139BB6746}.Dev|Any CPU.ActiveCfg = Debug|Any CPU
		{4C65A89A-31FE-47C5-91AB-B3B139BB6746}.Stage|Any CPU.ActiveCfg = Debug|Any CPU
		{81F5DE17-F3D8-4591-A46F-540CAA521788}.Testing|Any CPU.ActiveCfg = Debug|Any CPU
		{81F5DE17-F3D8-4591-A46F-540CAA521788}.Local|Any CPU.ActiveCfg = Debug|Any CPU
		{81F5DE17-F3D8-4591-A46F-540CAA521788}.Debug|Any CPU.ActiveCfg = Debug|Any CPU
		{81F5DE17-F3D8-4591-A46F-540CAA521788}.Debug|Any CPU.Build.0 = Debug|Any CPU
		{81F5DE17-F3D8-4591-A46F-540CAA521788}.Staging|Any CPU.ActiveCfg = Debug|Any CPU
		{81F5DE17-F3D8-4591-A46F-540CAA521788}.Release|Any CPU.ActiveCfg = Release|Any CPU
		{81F5DE17-F3D8-4591-A46F-540CAA521788}.Release|Any CPU.Build.0 = Release|Any CPU
		{81F5DE17-F3D8-4591-A46F-540CAA521788}.Dev|Any CPU.ActiveCfg = Debug|Any CPU
		{81F5DE17-F3D8-4591-A46F-540CAA521788}.Stage|Any CPU.ActiveCfg = Debug|Any CPU
		{C64A277B-11C8-42AC-893F-915EB7150787}.Testing|Any CPU.ActiveCfg = Debug|Any CPU
		{C64A277B-11C8-42AC-893F-915EB7150787}.Local|Any CPU.ActiveCfg = Debug|Any CPU
		{C64A277B-11C8-42AC-893F-915EB7150787}.Debug|Any CPU.ActiveCfg = Debug|Any CPU
		{C64A277B-11C8-42AC-893F-915EB7150787}.Debug|Any CPU.Build.0 = Debug|Any CPU
		{C64A277B-11C8-42AC-893F-915EB7150787}.Staging|Any CPU.ActiveCfg = Debug|Any CPU
		{C64A277B-11C8-42AC-893F-915EB7150787}.Release|Any CPU.ActiveCfg = Debug|Any CPU
		{C64A277B-11C8-42AC-893F-915EB7150787}.Dev|Any CPU.ActiveCfg = Debug|Any CPU
		{C64A277B-11C8-42AC-893F-915EB7150787}.Stage|Any CPU.ActiveCfg = Debug|Any CPU
		{6E2B26D2-90C3-4163-90B8-5B0AA4B996A8}.Testing|Any CPU.ActiveCfg = Testing|Any CPU
		{6E2B26D2-90C3-4163-90B8-5B0AA4B996A8}.Testing|Any CPU.Build.0 = Testing|Any CPU
		{6E2B26D2-90C3-4163-90B8-5B0AA4B996A8}.Local|Any CPU.ActiveCfg = Local|Any CPU
		{6E2B26D2-90C3-4163-90B8-5B0AA4B996A8}.Local|Any CPU.Build.0 = Local|Any CPU
		{6E2B26D2-90C3-4163-90B8-5B0AA4B996A8}.Debug|Any CPU.ActiveCfg = Debug|Any CPU
		{6E2B26D2-90C3-4163-90B8-5B0AA4B996A8}.Debug|Any CPU.Build.0 = Debug|Any CPU
		{6E2B26D2-90C3-4163-90B8-5B0AA4B996A8}.Staging|Any CPU.ActiveCfg = Staging|Any CPU
		{6E2B26D2-90C3-4163-90B8-5B0AA4B996A8}.Staging|Any CPU.Build.0 = Staging|Any CPU
		{6E2B26D2-90C3-4163-90B8-5B0AA4B996A8}.Release|Any CPU.ActiveCfg = Release|Any CPU
		{6E2B26D2-90C3-4163-90B8-5B0AA4B996A8}.Release|Any CPU.Build.0 = Release|Any CPU
		{6E2B26D2-90C3-4163-90B8-5B0AA4B996A8}.Dev|Any CPU.ActiveCfg = Testing|Any CPU
		{6E2B26D2-90C3-4163-90B8-5B0AA4B996A8}.Stage|Any CPU.ActiveCfg = Testing|Any CPU
		{7CFE2F02-7D4F-4267-8B8E-2FF231C62A8F}.Testing|Any CPU.ActiveCfg = Testing|Any CPU
		{7CFE2F02-7D4F-4267-8B8E-2FF231C62A8F}.Testing|Any CPU.Build.0 = Testing|Any CPU
		{7CFE2F02-7D4F-4267-8B8E-2FF231C62A8F}.Local|Any CPU.ActiveCfg = Local|Any CPU
		{7CFE2F02-7D4F-4267-8B8E-2FF231C62A8F}.Local|Any CPU.Build.0 = Local|Any CPU
		{7CFE2F02-7D4F-4267-8B8E-2FF231C62A8F}.Debug|Any CPU.ActiveCfg = Debug|Any CPU
		{7CFE2F02-7D4F-4267-8B8E-2FF231C62A8F}.Debug|Any CPU.Build.0 = Debug|Any CPU
		{7CFE2F02-7D4F-4267-8B8E-2FF231C62A8F}.Staging|Any CPU.ActiveCfg = Staging|Any CPU
		{7CFE2F02-7D4F-4267-8B8E-2FF231C62A8F}.Staging|Any CPU.Build.0 = Staging|Any CPU
		{7CFE2F02-7D4F-4267-8B8E-2FF231C62A8F}.Release|Any CPU.ActiveCfg = Release|Any CPU
		{7CFE2F02-7D4F-4267-8B8E-2FF231C62A8F}.Release|Any CPU.Build.0 = Release|Any CPU
		{7CFE2F02-7D4F-4267-8B8E-2FF231C62A8F}.Dev|Any CPU.ActiveCfg = Testing|Any CPU
		{7CFE2F02-7D4F-4267-8B8E-2FF231C62A8F}.Stage|Any CPU.ActiveCfg = Testing|Any CPU
		{2D6BBF2E-977C-42A3-ADAE-03AF3C89744E}.Testing|Any CPU.ActiveCfg = Testing|Any CPU
		{2D6BBF2E-977C-42A3-ADAE-03AF3C89744E}.Testing|Any CPU.Build.0 = Testing|Any CPU
		{2D6BBF2E-977C-42A3-ADAE-03AF3C89744E}.Local|Any CPU.ActiveCfg = Local|Any CPU
		{2D6BBF2E-977C-42A3-ADAE-03AF3C89744E}.Local|Any CPU.Build.0 = Local|Any CPU
		{2D6BBF2E-977C-42A3-ADAE-03AF3C89744E}.Debug|Any CPU.ActiveCfg = Debug|Any CPU
		{2D6BBF2E-977C-42A3-ADAE-03AF3C89744E}.Debug|Any CPU.Build.0 = Debug|Any CPU
		{2D6BBF2E-977C-42A3-ADAE-03AF3C89744E}.Staging|Any CPU.ActiveCfg = Staging|Any CPU
		{2D6BBF2E-977C-42A3-ADAE-03AF3C89744E}.Staging|Any CPU.Build.0 = Staging|Any CPU
		{2D6BBF2E-977C-42A3-ADAE-03AF3C89744E}.Release|Any CPU.ActiveCfg = Release|Any CPU
		{2D6BBF2E-977C-42A3-ADAE-03AF3C89744E}.Release|Any CPU.Build.0 = Release|Any CPU
		{2D6BBF2E-977C-42A3-ADAE-03AF3C89744E}.Dev|Any CPU.ActiveCfg = Dev|Any CPU
		{2D6BBF2E-977C-42A3-ADAE-03AF3C89744E}.Dev|Any CPU.Build.0 = Dev|Any CPU
		{2D6BBF2E-977C-42A3-ADAE-03AF3C89744E}.Stage|Any CPU.ActiveCfg = Stage|Any CPU
		{2D6BBF2E-977C-42A3-ADAE-03AF3C89744E}.Stage|Any CPU.Build.0 = Stage|Any CPU
		{82BE5153-846E-474A-A17C-5FD7DCFC3BA9}.Testing|Any CPU.ActiveCfg = Testing|Any CPU
		{82BE5153-846E-474A-A17C-5FD7DCFC3BA9}.Testing|Any CPU.Build.0 = Testing|Any CPU
		{82BE5153-846E-474A-A17C-5FD7DCFC3BA9}.Local|Any CPU.ActiveCfg = Local|Any CPU
		{82BE5153-846E-474A-A17C-5FD7DCFC3BA9}.Local|Any CPU.Build.0 = Local|Any CPU
		{82BE5153-846E-474A-A17C-5FD7DCFC3BA9}.Debug|Any CPU.ActiveCfg = Debug|Any CPU
		{82BE5153-846E-474A-A17C-5FD7DCFC3BA9}.Debug|Any CPU.Build.0 = Debug|Any CPU
		{82BE5153-846E-474A-A17C-5FD7DCFC3BA9}.Staging|Any CPU.ActiveCfg = Staging|Any CPU
		{82BE5153-846E-474A-A17C-5FD7DCFC3BA9}.Staging|Any CPU.Build.0 = Staging|Any CPU
		{82BE5153-846E-474A-A17C-5FD7DCFC3BA9}.Release|Any CPU.ActiveCfg = Release|Any CPU
		{82BE5153-846E-474A-A17C-5FD7DCFC3BA9}.Release|Any CPU.Build.0 = Release|Any CPU
		{82BE5153-846E-474A-A17C-5FD7DCFC3BA9}.Dev|Any CPU.ActiveCfg = Testing|Any CPU
		{82BE5153-846E-474A-A17C-5FD7DCFC3BA9}.Stage|Any CPU.ActiveCfg = Testing|Any CPU
		{882CE93C-4850-410E-8902-5587C34CEC86}.Testing|Any CPU.ActiveCfg = Testing|Any CPU
		{882CE93C-4850-410E-8902-5587C34CEC86}.Testing|Any CPU.Build.0 = Testing|Any CPU
		{882CE93C-4850-410E-8902-5587C34CEC86}.Local|Any CPU.ActiveCfg = Local|Any CPU
		{882CE93C-4850-410E-8902-5587C34CEC86}.Local|Any CPU.Build.0 = Local|Any CPU
		{882CE93C-4850-410E-8902-5587C34CEC86}.Debug|Any CPU.ActiveCfg = Debug|Any CPU
		{882CE93C-4850-410E-8902-5587C34CEC86}.Debug|Any CPU.Build.0 = Debug|Any CPU
		{882CE93C-4850-410E-8902-5587C34CEC86}.Staging|Any CPU.ActiveCfg = Staging|Any CPU
		{882CE93C-4850-410E-8902-5587C34CEC86}.Staging|Any CPU.Build.0 = Staging|Any CPU
		{882CE93C-4850-410E-8902-5587C34CEC86}.Release|Any CPU.ActiveCfg = Release|Any CPU
		{882CE93C-4850-410E-8902-5587C34CEC86}.Release|Any CPU.Build.0 = Release|Any CPU
		{882CE93C-4850-410E-8902-5587C34CEC86}.Dev|Any CPU.ActiveCfg = Testing|Any CPU
		{882CE93C-4850-410E-8902-5587C34CEC86}.Stage|Any CPU.ActiveCfg = Testing|Any CPU
		{57423B1A-8A37-472B-B0F1-72A65A9CD06C}.Testing|Any CPU.ActiveCfg = Testing|Any CPU
		{57423B1A-8A37-472B-B0F1-72A65A9CD06C}.Testing|Any CPU.Build.0 = Testing|Any CPU
		{57423B1A-8A37-472B-B0F1-72A65A9CD06C}.Local|Any CPU.ActiveCfg = Local|Any CPU
		{57423B1A-8A37-472B-B0F1-72A65A9CD06C}.Local|Any CPU.Build.0 = Local|Any CPU
		{57423B1A-8A37-472B-B0F1-72A65A9CD06C}.Debug|Any CPU.ActiveCfg = Debug|Any CPU
		{57423B1A-8A37-472B-B0F1-72A65A9CD06C}.Debug|Any CPU.Build.0 = Debug|Any CPU
		{57423B1A-8A37-472B-B0F1-72A65A9CD06C}.Staging|Any CPU.ActiveCfg = Staging|Any CPU
		{57423B1A-8A37-472B-B0F1-72A65A9CD06C}.Staging|Any CPU.Build.0 = Staging|Any CPU
		{57423B1A-8A37-472B-B0F1-72A65A9CD06C}.Release|Any CPU.ActiveCfg = Release|Any CPU
		{57423B1A-8A37-472B-B0F1-72A65A9CD06C}.Release|Any CPU.Build.0 = Release|Any CPU
		{57423B1A-8A37-472B-B0F1-72A65A9CD06C}.Dev|Any CPU.ActiveCfg = Testing|Any CPU
		{57423B1A-8A37-472B-B0F1-72A65A9CD06C}.Stage|Any CPU.ActiveCfg = Testing|Any CPU
		{D20899C7-AE0A-4FDA-A797-8D34A5771384}.Testing|Any CPU.ActiveCfg = Testing|Any CPU
		{D20899C7-AE0A-4FDA-A797-8D34A5771384}.Testing|Any CPU.Build.0 = Testing|Any CPU
		{D20899C7-AE0A-4FDA-A797-8D34A5771384}.Local|Any CPU.ActiveCfg = Local|Any CPU
		{D20899C7-AE0A-4FDA-A797-8D34A5771384}.Local|Any CPU.Build.0 = Local|Any CPU
		{D20899C7-AE0A-4FDA-A797-8D34A5771384}.Debug|Any CPU.ActiveCfg = Debug|Any CPU
		{D20899C7-AE0A-4FDA-A797-8D34A5771384}.Debug|Any CPU.Build.0 = Debug|Any CPU
		{D20899C7-AE0A-4FDA-A797-8D34A5771384}.Staging|Any CPU.ActiveCfg = Staging|Any CPU
		{D20899C7-AE0A-4FDA-A797-8D34A5771384}.Staging|Any CPU.Build.0 = Staging|Any CPU
		{D20899C7-AE0A-4FDA-A797-8D34A5771384}.Release|Any CPU.ActiveCfg = Release|Any CPU
		{D20899C7-AE0A-4FDA-A797-8D34A5771384}.Release|Any CPU.Build.0 = Release|Any CPU
		{D20899C7-AE0A-4FDA-A797-8D34A5771384}.Dev|Any CPU.ActiveCfg = Testing|Any CPU
		{D20899C7-AE0A-4FDA-A797-8D34A5771384}.Stage|Any CPU.ActiveCfg = Testing|Any CPU
		{39857115-8A41-4334-A703-2FC04A8C0CD4}.Testing|Any CPU.ActiveCfg = Testing|Any CPU
		{39857115-8A41-4334-A703-2FC04A8C0CD4}.Testing|Any CPU.Build.0 = Testing|Any CPU
		{39857115-8A41-4334-A703-2FC04A8C0CD4}.Local|Any CPU.ActiveCfg = Local|Any CPU
		{39857115-8A41-4334-A703-2FC04A8C0CD4}.Local|Any CPU.Build.0 = Local|Any CPU
		{39857115-8A41-4334-A703-2FC04A8C0CD4}.Debug|Any CPU.ActiveCfg = Debug|Any CPU
		{39857115-8A41-4334-A703-2FC04A8C0CD4}.Debug|Any CPU.Build.0 = Debug|Any CPU
		{39857115-8A41-4334-A703-2FC04A8C0CD4}.Staging|Any CPU.ActiveCfg = Staging|Any CPU
		{39857115-8A41-4334-A703-2FC04A8C0CD4}.Staging|Any CPU.Build.0 = Staging|Any CPU
		{39857115-8A41-4334-A703-2FC04A8C0CD4}.Release|Any CPU.ActiveCfg = Release|Any CPU
		{39857115-8A41-4334-A703-2FC04A8C0CD4}.Release|Any CPU.Build.0 = Release|Any CPU
		{39857115-8A41-4334-A703-2FC04A8C0CD4}.Dev|Any CPU.ActiveCfg = Testing|Any CPU
		{39857115-8A41-4334-A703-2FC04A8C0CD4}.Stage|Any CPU.ActiveCfg = Testing|Any CPU
		{F5044C3D-B6C5-4C71-B4EB-E41F57A4443D}.Testing|Any CPU.ActiveCfg = Testing|Any CPU
		{F5044C3D-B6C5-4C71-B4EB-E41F57A4443D}.Testing|Any CPU.Build.0 = Testing|Any CPU
		{F5044C3D-B6C5-4C71-B4EB-E41F57A4443D}.Local|Any CPU.ActiveCfg = Local|Any CPU
		{F5044C3D-B6C5-4C71-B4EB-E41F57A4443D}.Local|Any CPU.Build.0 = Local|Any CPU
		{F5044C3D-B6C5-4C71-B4EB-E41F57A4443D}.Debug|Any CPU.ActiveCfg = Debug|Any CPU
		{F5044C3D-B6C5-4C71-B4EB-E41F57A4443D}.Debug|Any CPU.Build.0 = Debug|Any CPU
		{F5044C3D-B6C5-4C71-B4EB-E41F57A4443D}.Staging|Any CPU.ActiveCfg = Staging|Any CPU
		{F5044C3D-B6C5-4C71-B4EB-E41F57A4443D}.Staging|Any CPU.Build.0 = Staging|Any CPU
		{F5044C3D-B6C5-4C71-B4EB-E41F57A4443D}.Release|Any CPU.ActiveCfg = Release|Any CPU
		{F5044C3D-B6C5-4C71-B4EB-E41F57A4443D}.Release|Any CPU.Build.0 = Release|Any CPU
		{F5044C3D-B6C5-4C71-B4EB-E41F57A4443D}.Dev|Any CPU.ActiveCfg = Testing|Any CPU
		{F5044C3D-B6C5-4C71-B4EB-E41F57A4443D}.Stage|Any CPU.ActiveCfg = Testing|Any CPU
		{3C5065D2-0656-4FBD-B4C2-49968E0228AA}.Testing|Any CPU.ActiveCfg = Testing|Any CPU
		{3C5065D2-0656-4FBD-B4C2-49968E0228AA}.Testing|Any CPU.Build.0 = Testing|Any CPU
		{3C5065D2-0656-4FBD-B4C2-49968E0228AA}.Local|Any CPU.ActiveCfg = Local|Any CPU
		{3C5065D2-0656-4FBD-B4C2-49968E0228AA}.Local|Any CPU.Build.0 = Local|Any CPU
		{3C5065D2-0656-4FBD-B4C2-49968E0228AA}.Debug|Any CPU.ActiveCfg = Debug|Any CPU
		{3C5065D2-0656-4FBD-B4C2-49968E0228AA}.Debug|Any CPU.Build.0 = Debug|Any CPU
		{3C5065D2-0656-4FBD-B4C2-49968E0228AA}.Staging|Any CPU.ActiveCfg = Staging|Any CPU
		{3C5065D2-0656-4FBD-B4C2-49968E0228AA}.Staging|Any CPU.Build.0 = Staging|Any CPU
		{3C5065D2-0656-4FBD-B4C2-49968E0228AA}.Release|Any CPU.ActiveCfg = Release|Any CPU
		{3C5065D2-0656-4FBD-B4C2-49968E0228AA}.Release|Any CPU.Build.0 = Release|Any CPU
		{3C5065D2-0656-4FBD-B4C2-49968E0228AA}.Dev|Any CPU.ActiveCfg = Testing|Any CPU
		{3C5065D2-0656-4FBD-B4C2-49968E0228AA}.Stage|Any CPU.ActiveCfg = Testing|Any CPU
		{1787DE6D-A7A9-4175-971F-E180E598D981}.Testing|Any CPU.ActiveCfg = Testing|Any CPU
		{1787DE6D-A7A9-4175-971F-E180E598D981}.Testing|Any CPU.Build.0 = Testing|Any CPU
		{1787DE6D-A7A9-4175-971F-E180E598D981}.Local|Any CPU.ActiveCfg = Local|Any CPU
		{1787DE6D-A7A9-4175-971F-E180E598D981}.Local|Any CPU.Build.0 = Local|Any CPU
		{1787DE6D-A7A9-4175-971F-E180E598D981}.Debug|Any CPU.ActiveCfg = Debug|Any CPU
		{1787DE6D-A7A9-4175-971F-E180E598D981}.Debug|Any CPU.Build.0 = Debug|Any CPU
		{1787DE6D-A7A9-4175-971F-E180E598D981}.Staging|Any CPU.ActiveCfg = Staging|Any CPU
		{1787DE6D-A7A9-4175-971F-E180E598D981}.Staging|Any CPU.Build.0 = Staging|Any CPU
		{1787DE6D-A7A9-4175-971F-E180E598D981}.Release|Any CPU.ActiveCfg = Release|Any CPU
		{1787DE6D-A7A9-4175-971F-E180E598D981}.Release|Any CPU.Build.0 = Release|Any CPU
		{1787DE6D-A7A9-4175-971F-E180E598D981}.Dev|Any CPU.ActiveCfg = Testing|Any CPU
		{1787DE6D-A7A9-4175-971F-E180E598D981}.Stage|Any CPU.ActiveCfg = Testing|Any CPU
		{2B24F319-8A9B-4BA1-8F7A-4CD9EE15A1BA}.Testing|Any CPU.ActiveCfg = Testing|Any CPU
		{2B24F319-8A9B-4BA1-8F7A-4CD9EE15A1BA}.Testing|Any CPU.Build.0 = Testing|Any CPU
		{2B24F319-8A9B-4BA1-8F7A-4CD9EE15A1BA}.Local|Any CPU.ActiveCfg = Local|Any CPU
		{2B24F319-8A9B-4BA1-8F7A-4CD9EE15A1BA}.Local|Any CPU.Build.0 = Local|Any CPU
		{2B24F319-8A9B-4BA1-8F7A-4CD9EE15A1BA}.Debug|Any CPU.ActiveCfg = Debug|Any CPU
		{2B24F319-8A9B-4BA1-8F7A-4CD9EE15A1BA}.Debug|Any CPU.Build.0 = Debug|Any CPU
		{2B24F319-8A9B-4BA1-8F7A-4CD9EE15A1BA}.Staging|Any CPU.ActiveCfg = Staging|Any CPU
		{2B24F319-8A9B-4BA1-8F7A-4CD9EE15A1BA}.Staging|Any CPU.Build.0 = Staging|Any CPU
		{2B24F319-8A9B-4BA1-8F7A-4CD9EE15A1BA}.Release|Any CPU.ActiveCfg = Release|Any CPU
		{2B24F319-8A9B-4BA1-8F7A-4CD9EE15A1BA}.Release|Any CPU.Build.0 = Release|Any CPU
		{2B24F319-8A9B-4BA1-8F7A-4CD9EE15A1BA}.Dev|Any CPU.ActiveCfg = Testing|Any CPU
		{2B24F319-8A9B-4BA1-8F7A-4CD9EE15A1BA}.Stage|Any CPU.ActiveCfg = Testing|Any CPU
	EndGlobalSection
	GlobalSection(SolutionProperties) = preSolution
		HideSolutionNode = FALSE
	EndGlobalSection
	GlobalSection(NestedProjects) = preSolution
		{B2A216B9-41FD-444B-ACE4-BE8A007310AC} = {79E9C2D9-66AD-4813-B168-91D78F6F54CA}
		{B5A26243-5C9A-4D08-82B1-B28074811BAF} = {79E9C2D9-66AD-4813-B168-91D78F6F54CA}
		{9CF27D10-1D21-4009-BD17-94AA1C480057} = {79E9C2D9-66AD-4813-B168-91D78F6F54CA}
		{B80D88F1-66B8-441C-BCF9-D8C8D17AEEA1} = {79E9C2D9-66AD-4813-B168-91D78F6F54CA}
		{C26B7980-F57C-4CE1-B61C-CC452D73FCC4} = {79E9C2D9-66AD-4813-B168-91D78F6F54CA}
		{2CCB2115-4929-4102-956C-8EB02ED0A4FB} = {79E9C2D9-66AD-4813-B168-91D78F6F54CA}
		{3B4CC35E-E1A8-4205-8273-4901C8C60D26} = {79E9C2D9-66AD-4813-B168-91D78F6F54CA}
		{F41EECE2-871B-436C-B3C8-3591F69E3B4D} = {79E9C2D9-66AD-4813-B168-91D78F6F54CA}
		{D8CA10A8-733D-4A43-98CA-A252F2279F77} = {79E9C2D9-66AD-4813-B168-91D78F6F54CA}
		{4D7FEFCC-9EC4-43F7-BF62-0292596C299B} = {79E9C2D9-66AD-4813-B168-91D78F6F54CA}
		{21F7A94A-74A2-47BB-A41D-8DA89EF0C7F3} = {79E9C2D9-66AD-4813-B168-91D78F6F54CA}
		{868992D2-599E-48D0-8EA7-8AC51116E612} = {79E9C2D9-66AD-4813-B168-91D78F6F54CA}
		{03C3B272-5832-4B1B-B890-DDC2D0355DA0} = {79E9C2D9-66AD-4813-B168-91D78F6F54CA}
		{AF34FD5B-52BC-40C8-B4C3-36C4704DF61B} = {79E9C2D9-66AD-4813-B168-91D78F6F54CA}
		{7575BB8C-F425-4989-BB80-4E44673D3CD2} = {79E9C2D9-66AD-4813-B168-91D78F6F54CA}
		{354CC185-81D4-4D6B-904B-F2225D174200} = {79E9C2D9-66AD-4813-B168-91D78F6F54CA}
		{8279F205-78CC-4E3B-8B55-98997892A724} = {79E9C2D9-66AD-4813-B168-91D78F6F54CA}
		{BEB4B84A-0BAF-49DE-B397-98A1BCFC2F43} = {79E9C2D9-66AD-4813-B168-91D78F6F54CA}
		{D148A236-FD68-4321-855D-44454A4484F8} = {79E9C2D9-66AD-4813-B168-91D78F6F54CA}
		{50F45B71-9AF1-424B-8A9E-C5E967CCB839} = {79E9C2D9-66AD-4813-B168-91D78F6F54CA}
		{2B24F319-8A9B-4BA1-8F7A-4CD9EE15A1BA} = {79E9C2D9-66AD-4813-B168-91D78F6F54CA}
		{A5E55E5A-5FDC-487A-B2D4-D73BDF507541} = {02210E2B-2D05-4B82-A533-7389F7CFF03E}
		{6E2B26D2-90C3-4163-90B8-5B0AA4B996A8} = {73FF8A35-2E01-4ADA-93F5-140E08E1DA28}
		{7CFE2F02-7D4F-4267-8B8E-2FF231C62A8F} = {73FF8A35-2E01-4ADA-93F5-140E08E1DA28}
		{2D6BBF2E-977C-42A3-ADAE-03AF3C89744E} = {73FF8A35-2E01-4ADA-93F5-140E08E1DA28}
		{82BE5153-846E-474A-A17C-5FD7DCFC3BA9} = {56449EAD-A0DD-417A-8F83-5E8C7365DC26}
		{882CE93C-4850-410E-8902-5587C34CEC86} = {F1E08F06-65CE-4797-93A6-4436C2ED65D6}
		{57423B1A-8A37-472B-B0F1-72A65A9CD06C} = {F1E08F06-65CE-4797-93A6-4436C2ED65D6}
		{39857115-8A41-4334-A703-2FC04A8C0CD4} = {F1E08F06-65CE-4797-93A6-4436C2ED65D6}
		{F5044C3D-B6C5-4C71-B4EB-E41F57A4443D} = {F1E08F06-65CE-4797-93A6-4436C2ED65D6}
		{D20899C7-AE0A-4FDA-A797-8D34A5771384} = {5CB6519F-D49F-4D8B-A631-7CCF09ED01C2}
		{3C5065D2-0656-4FBD-B4C2-49968E0228AA} = {D891FE80-AA47-4AC1-B73E-847F2EA30F0E}
		{1787DE6D-A7A9-4175-971F-E180E598D981} = {D891FE80-AA47-4AC1-B73E-847F2EA30F0E}
	EndGlobalSection
	GlobalSection(ExtensibilityGlobals) = postSolution
		SolutionGuid = {4CF4012C-E4D9-4E05-AE21-7A79308CC537}
	EndGlobalSection
EndGlobal
