Microsoft Visual Studio Solution File, Format Version 12.00
Project("{9A19103F-16F7-4668-BE54-9A1E7A4F7556}") = "JustinWritesCode.Telegram", "JustinWritesCode.Telegram.csproj", "{C3E7DE6D-4A3C-4DAE-8115-4C19A3AABEF5}"
EndProject
Project("{2150E333-8FDC-42A3-9474-1A3956D46DE8}") = "src", "src", "{3AC9D23E-27E3-419B-A521-B99605BEA2AD}"
EndProject
Global
	GlobalSection(SolutionConfigurationPlatforms) = preSolution
		Local|Any CPU = Local|Any CPU
		Debug|Any CPU = Debug|Any CPU
		Staging|Any CPU = Staging|Any CPU
		Release|Any CPU = Release|Any CPU
		Testing|Any CPU = Testing|Any CPU
	EndGlobalSection
	GlobalSection(ProjectConfigurationPlatforms) = postSolution
		{C3E7DE6D-4A3C-4DAE-8115-4C19A3AABEF5}.Local|Any CPU.ActiveCfg = Local|Any CPU
		{C3E7DE6D-4A3C-4DAE-8115-4C19A3AABEF5}.Local|Any CPU.Build.0 = Local|Any CPU
		{C3E7DE6D-4A3C-4DAE-8115-4C19A3AABEF5}.Debug|Any CPU.ActiveCfg = Debug|Any CPU
		{C3E7DE6D-4A3C-4DAE-8115-4C19A3AABEF5}.Debug|Any CPU.Build.0 = Debug|Any CPU
		{C3E7DE6D-4A3C-4DAE-8115-4C19A3AABEF5}.Staging|Any CPU.ActiveCfg = Staging|Any CPU
		{C3E7DE6D-4A3C-4DAE-8115-4C19A3AABEF5}.Staging|Any CPU.Build.0 = Staging|Any CPU
		{C3E7DE6D-4A3C-4DAE-8115-4C19A3AABEF5}.Release|Any CPU.ActiveCfg = Release|Any CPU
		{C3E7DE6D-4A3C-4DAE-8115-4C19A3AABEF5}.Release|Any CPU.Build.0 = Release|Any CPU
		{C3E7DE6D-4A3C-4DAE-8115-4C19A3AABEF5}.Testing|Any CPU.ActiveCfg = Testing|Any CPU
		{C3E7DE6D-4A3C-4DAE-8115-4C19A3AABEF5}.Testing|Any CPU.Build.0 = Testing|Any CPU
	EndGlobalSection
	GlobalSection(SolutionProperties) = preSolution
		HideSolutionNode = FALSE
	EndGlobalSection
	GlobalSection(NestedProjects) = preSolution
		{C3E7DE6D-4A3C-4DAE-8115-4C19A3AABEF5} = {3AC9D23E-27E3-419B-A521-B99605BEA2AD}
	EndGlobalSection
	GlobalSection(ExtensibilityGlobals) = postSolution
		SolutionGuid = {1FDD588D-8167-4D8A-AC9D-82A92BBDA158}
	EndGlobalSection
EndGlobal
