Microsoft Visual Studio Solution File, Format Version 12.00
Project("{9A19103F-16F7-4668-BE54-9A1E7A4F7556}") = "JustinWritesCode.Functions.Objects", "JustinWritesCode.Functions.Objects.csproj", "{87CE6FC6-5440-4978-A8F0-3BBD50EC6AEB}"
EndProject
Project("{2150E333-8FDC-42A3-9474-1A3956D46DE8}") = "src", "src", "{50BCB892-D860-48CF-A70B-1AD84C893D9D}"
EndProject
Global
	GlobalSection(SolutionConfigurationPlatforms) = preSolution
		Testing|Any CPU = Testing|Any CPU
		Local|Any CPU = Local|Any CPU
		Debug|Any CPU = Debug|Any CPU
		Staging|Any CPU = Staging|Any CPU
		Release|Any CPU = Release|Any CPU
	EndGlobalSection
	GlobalSection(ProjectConfigurationPlatforms) = postSolution
		{87CE6FC6-5440-4978-A8F0-3BBD50EC6AEB}.Testing|Any CPU.ActiveCfg = Testing|Any CPU
		{87CE6FC6-5440-4978-A8F0-3BBD50EC6AEB}.Testing|Any CPU.Build.0 = Testing|Any CPU
		{87CE6FC6-5440-4978-A8F0-3BBD50EC6AEB}.Local|Any CPU.ActiveCfg = Local|Any CPU
		{87CE6FC6-5440-4978-A8F0-3BBD50EC6AEB}.Local|Any CPU.Build.0 = Local|Any CPU
		{87CE6FC6-5440-4978-A8F0-3BBD50EC6AEB}.Debug|Any CPU.ActiveCfg = Debug|Any CPU
		{87CE6FC6-5440-4978-A8F0-3BBD50EC6AEB}.Debug|Any CPU.Build.0 = Debug|Any CPU
		{87CE6FC6-5440-4978-A8F0-3BBD50EC6AEB}.Staging|Any CPU.ActiveCfg = Staging|Any CPU
		{87CE6FC6-5440-4978-A8F0-3BBD50EC6AEB}.Staging|Any CPU.Build.0 = Staging|Any CPU
		{87CE6FC6-5440-4978-A8F0-3BBD50EC6AEB}.Release|Any CPU.ActiveCfg = Release|Any CPU
		{87CE6FC6-5440-4978-A8F0-3BBD50EC6AEB}.Release|Any CPU.Build.0 = Release|Any CPU
	EndGlobalSection
	GlobalSection(SolutionProperties) = preSolution
		HideSolutionNode = FALSE
	EndGlobalSection
	GlobalSection(NestedProjects) = preSolution
		{87CE6FC6-5440-4978-A8F0-3BBD50EC6AEB} = {50BCB892-D860-48CF-A70B-1AD84C893D9D}
	EndGlobalSection
	GlobalSection(ExtensibilityGlobals) = postSolution
		SolutionGuid = {DA4DC77E-8A4B-4241-9E8F-BCFB25C2077A}
	EndGlobalSection
EndGlobal
