Microsoft Visual Studio Solution File, Format Version 12.00
Project("{9A19103F-16F7-4668-BE54-9A1E7A4F7556}") = "JustinWritesCode.Functions.Strings", "JustinWritesCode.Functions.Strings.csproj", "{BD44DE0F-BD7F-438C-904C-89D5B98D7FB2}"
EndProject
Project("{2150E333-8FDC-42A3-9474-1A3956D46DE8}") = "src", "src", "{71D5D223-4646-42F2-892B-2796C0F0314B}"
EndProject
Global
	GlobalSection(SolutionConfigurationPlatforms) = preSolution
		Local|Any CPU = Local|Any CPU
		Debug|Any CPU = Debug|Any CPU
		Staging|Any CPU = Staging|Any CPU
		Release|Any CPU = Release|Any CPU
		Testing|Any CPU = Testing|Any CPU
	EndGlobalSection
	GlobalSection(ProjectConfigurationPlatforms) = postSolution
		{BD44DE0F-BD7F-438C-904C-89D5B98D7FB2}.Local|Any CPU.ActiveCfg = Local|Any CPU
		{BD44DE0F-BD7F-438C-904C-89D5B98D7FB2}.Local|Any CPU.Build.0 = Local|Any CPU
		{BD44DE0F-BD7F-438C-904C-89D5B98D7FB2}.Debug|Any CPU.ActiveCfg = Debug|Any CPU
		{BD44DE0F-BD7F-438C-904C-89D5B98D7FB2}.Debug|Any CPU.Build.0 = Debug|Any CPU
		{BD44DE0F-BD7F-438C-904C-89D5B98D7FB2}.Staging|Any CPU.ActiveCfg = Staging|Any CPU
		{BD44DE0F-BD7F-438C-904C-89D5B98D7FB2}.Staging|Any CPU.Build.0 = Staging|Any CPU
		{BD44DE0F-BD7F-438C-904C-89D5B98D7FB2}.Release|Any CPU.ActiveCfg = Release|Any CPU
		{BD44DE0F-BD7F-438C-904C-89D5B98D7FB2}.Release|Any CPU.Build.0 = Release|Any CPU
		{BD44DE0F-BD7F-438C-904C-89D5B98D7FB2}.Testing|Any CPU.ActiveCfg = Testing|Any CPU
		{BD44DE0F-BD7F-438C-904C-89D5B98D7FB2}.Testing|Any CPU.Build.0 = Testing|Any CPU
	EndGlobalSection
	GlobalSection(SolutionProperties) = preSolution
		HideSolutionNode = FALSE
	EndGlobalSection
	GlobalSection(NestedProjects) = preSolution
		{BD44DE0F-BD7F-438C-904C-89D5B98D7FB2} = {71D5D223-4646-42F2-892B-2796C0F0314B}
	EndGlobalSection
	GlobalSection(ExtensibilityGlobals) = postSolution
		SolutionGuid = {A5B20917-716C-4D7D-A46B-844EDCF54BAC}
	EndGlobalSection
EndGlobal
