Microsoft Visual Studio Solution File, Format Version 12.00
Project("{9A19103F-16F7-4668-BE54-9A1E7A4F7556}") = "JustinWritesCode.Functions.Arrays", "JustinWritesCode.Functions.Arrays.csproj", "{F19E01E3-47C2-4C4C-946F-678C4FDDAA8E}"
EndProject
Project("{2150E333-8FDC-42A3-9474-1A3956D46DE8}") = "src", "src", "{67E76C19-8CBB-4A12-8E94-726BEA718CC1}"
EndProject
Global
	GlobalSection(SolutionConfigurationPlatforms) = preSolution
		Local|Any CPU = Local|Any CPU
		Debug|Any CPU = Debug|Any CPU
		Staging|Any CPU = Staging|Any CPU
		Release|Any CPU = Release|Any CPU
		Testing|Any CPU = Testing|Any CPU
	EndGlobalSection
	GlobalSection(ProjectConfigurationPlatforms) = postSolution
		{F19E01E3-47C2-4C4C-946F-678C4FDDAA8E}.Local|Any CPU.ActiveCfg = Local|Any CPU
		{F19E01E3-47C2-4C4C-946F-678C4FDDAA8E}.Local|Any CPU.Build.0 = Local|Any CPU
		{F19E01E3-47C2-4C4C-946F-678C4FDDAA8E}.Debug|Any CPU.ActiveCfg = Debug|Any CPU
		{F19E01E3-47C2-4C4C-946F-678C4FDDAA8E}.Debug|Any CPU.Build.0 = Debug|Any CPU
		{F19E01E3-47C2-4C4C-946F-678C4FDDAA8E}.Staging|Any CPU.ActiveCfg = Staging|Any CPU
		{F19E01E3-47C2-4C4C-946F-678C4FDDAA8E}.Staging|Any CPU.Build.0 = Staging|Any CPU
		{F19E01E3-47C2-4C4C-946F-678C4FDDAA8E}.Release|Any CPU.ActiveCfg = Release|Any CPU
		{F19E01E3-47C2-4C4C-946F-678C4FDDAA8E}.Release|Any CPU.Build.0 = Release|Any CPU
		{F19E01E3-47C2-4C4C-946F-678C4FDDAA8E}.Testing|Any CPU.ActiveCfg = Testing|Any CPU
		{F19E01E3-47C2-4C4C-946F-678C4FDDAA8E}.Testing|Any CPU.Build.0 = Testing|Any CPU
	EndGlobalSection
	GlobalSection(SolutionProperties) = preSolution
		HideSolutionNode = FALSE
	EndGlobalSection
	GlobalSection(NestedProjects) = preSolution
		{F19E01E3-47C2-4C4C-946F-678C4FDDAA8E} = {67E76C19-8CBB-4A12-8E94-726BEA718CC1}
	EndGlobalSection
	GlobalSection(ExtensibilityGlobals) = postSolution
		SolutionGuid = {03525E81-2557-4CF9-9E7D-E4E6E4130E06}
	EndGlobalSection
EndGlobal
