Microsoft Visual Studio Solution File, Format Version 12.00
Project("{9A19103F-16F7-4668-BE54-9A1E7A4F7556}") = "JustinWritesCode.Functions.Arrays", "JustinWritesCode.Functions.Arrays.csproj", "{E46B8BA1-A92F-41A7-8D98-EC658B83D0D9}"
EndProject
Project("{2150E333-8FDC-42A3-9474-1A3956D46DE8}") = "src", "src", "{60C7C205-416C-47BA-8C3D-9E7C4682B256}"
EndProject
Global
	GlobalSection(SolutionConfigurationPlatforms) = preSolution
		Testing|Any CPU = Testing|Any CPU
		Local|Any CPU = Local|Any CPU
		Debug|Any CPU = Debug|Any CPU
		Staging|Any CPU = Staging|Any CPU
		Release|Any CPU = Release|Any CPU
	EndGlobalSection
	GlobalSection(ProjectConfigurationPlatforms) = postSolution
		{E46B8BA1-A92F-41A7-8D98-EC658B83D0D9}.Testing|Any CPU.ActiveCfg = Testing|Any CPU
		{E46B8BA1-A92F-41A7-8D98-EC658B83D0D9}.Testing|Any CPU.Build.0 = Testing|Any CPU
		{E46B8BA1-A92F-41A7-8D98-EC658B83D0D9}.Local|Any CPU.ActiveCfg = Local|Any CPU
		{E46B8BA1-A92F-41A7-8D98-EC658B83D0D9}.Local|Any CPU.Build.0 = Local|Any CPU
		{E46B8BA1-A92F-41A7-8D98-EC658B83D0D9}.Debug|Any CPU.ActiveCfg = Debug|Any CPU
		{E46B8BA1-A92F-41A7-8D98-EC658B83D0D9}.Debug|Any CPU.Build.0 = Debug|Any CPU
		{E46B8BA1-A92F-41A7-8D98-EC658B83D0D9}.Staging|Any CPU.ActiveCfg = Staging|Any CPU
		{E46B8BA1-A92F-41A7-8D98-EC658B83D0D9}.Staging|Any CPU.Build.0 = Staging|Any CPU
		{E46B8BA1-A92F-41A7-8D98-EC658B83D0D9}.Release|Any CPU.ActiveCfg = Release|Any CPU
		{E46B8BA1-A92F-41A7-8D98-EC658B83D0D9}.Release|Any CPU.Build.0 = Release|Any CPU
	EndGlobalSection
	GlobalSection(SolutionProperties) = preSolution
		HideSolutionNode = FALSE
	EndGlobalSection
	GlobalSection(NestedProjects) = preSolution
		{E46B8BA1-A92F-41A7-8D98-EC658B83D0D9} = {60C7C205-416C-47BA-8C3D-9E7C4682B256}
	EndGlobalSection
	GlobalSection(ExtensibilityGlobals) = postSolution
		SolutionGuid = {98AC6FE4-F1B8-4297-84A5-640B1D0589CB}
	EndGlobalSection
EndGlobal
