Microsoft Visual Studio Solution File, Format Version 12.00
Project("{9A19103F-16F7-4668-BE54-9A1E7A4F7556}") = "JustinWritesCode.Bots.DownloadAnyFile", "JustinWritesCode.Bots.DownloadAnyFile.csproj", "{51412C44-3046-4B68-AD2A-F336E068E6D6}"
EndProject
Project("{2150E333-8FDC-42A3-9474-1A3956D46DE8}") = "src", "src", "{8C6E0E15-213F-4E0B-8A88-44CD52DC658A}"
EndProject
Global
	GlobalSection(SolutionConfigurationPlatforms) = preSolution
		Local|Any CPU = Local|Any CPU
		Debug|Any CPU = Debug|Any CPU
		Staging|Any CPU = Staging|Any CPU
		Release|Any CPU = Release|Any CPU
		Testing|Any CPU = Testing|Any CPU
	EndGlobalSection
	GlobalSection(ProjectConfigurationPlatforms) = postSolution
		{51412C44-3046-4B68-AD2A-F336E068E6D6}.Local|Any CPU.ActiveCfg = Local|Any CPU
		{51412C44-3046-4B68-AD2A-F336E068E6D6}.Local|Any CPU.Build.0 = Local|Any CPU
		{51412C44-3046-4B68-AD2A-F336E068E6D6}.Debug|Any CPU.ActiveCfg = Debug|Any CPU
		{51412C44-3046-4B68-AD2A-F336E068E6D6}.Debug|Any CPU.Build.0 = Debug|Any CPU
		{51412C44-3046-4B68-AD2A-F336E068E6D6}.Staging|Any CPU.ActiveCfg = Staging|Any CPU
		{51412C44-3046-4B68-AD2A-F336E068E6D6}.Staging|Any CPU.Build.0 = Staging|Any CPU
		{51412C44-3046-4B68-AD2A-F336E068E6D6}.Release|Any CPU.ActiveCfg = Release|Any CPU
		{51412C44-3046-4B68-AD2A-F336E068E6D6}.Release|Any CPU.Build.0 = Release|Any CPU
		{51412C44-3046-4B68-AD2A-F336E068E6D6}.Testing|Any CPU.ActiveCfg = Testing|Any CPU
		{51412C44-3046-4B68-AD2A-F336E068E6D6}.Testing|Any CPU.Build.0 = Testing|Any CPU
	EndGlobalSection
	GlobalSection(SolutionProperties) = preSolution
		HideSolutionNode = FALSE
	EndGlobalSection
	GlobalSection(NestedProjects) = preSolution
		{51412C44-3046-4B68-AD2A-F336E068E6D6} = {8C6E0E15-213F-4E0B-8A88-44CD52DC658A}
	EndGlobalSection
	GlobalSection(ExtensibilityGlobals) = postSolution
		SolutionGuid = {4F3A7136-8DE3-414F-B11D-91A98CC6F0EB}
	EndGlobalSection
EndGlobal
